// !$*UTF8*$!
{
	archiveVersion = 1;
	classes = {
	};
	objectVersion = 46;
	objects = {

/* Begin PBXBuildFile section */
		1E53147E1F040026004911E1 /* main.m in Sources */ = {isa = PBXBuildFile; fileRef = 1E53147D1F040026004911E1 /* main.m */; };
		1E5314811F040026004911E1 /* AppDelegate.m in Sources */ = {isa = PBXBuildFile; fileRef = 1E5314801F040026004911E1 /* AppDelegate.m */; };
		1E5314841F040026004911E1 /* ViewController.m in Sources */ = {isa = PBXBuildFile; fileRef = 1E5314831F040026004911E1 /* ViewController.m */; };
		1E5314871F040026004911E1 /* Main.storyboard in Resources */ = {isa = PBXBuildFile; fileRef = 1E5314851F040026004911E1 /* Main.storyboard */; };
		1E5314891F040026004911E1 /* Assets.xcassets in Resources */ = {isa = PBXBuildFile; fileRef = 1E5314881F040026004911E1 /* Assets.xcassets */; };
		1E53148C1F040026004911E1 /* LaunchScreen.storyboard in Resources */ = {isa = PBXBuildFile; fileRef = 1E53148A1F040026004911E1 /* LaunchScreen.storyboard */; };
		1E5314A51F040040004911E1 /* DeallocBlockExecutor.m in Sources */ = {isa = PBXBuildFile; fileRef = 1E5314951F040040004911E1 /* DeallocBlockExecutor.m */; };
		1E5314A61F040040004911E1 /* NSObject+DeallocBlock.m in Sources */ = {isa = PBXBuildFile; fileRef = 1E5314971F040040004911E1 /* NSObject+DeallocBlock.m */; };
		1E5314A71F040040004911E1 /* SkinColors.plist in Resources */ = {isa = PBXBuildFile; fileRef = 1E5314981F040040004911E1 /* SkinColors.plist */; };
		1E5314A81F040040004911E1 /* ThemeManager.m in Sources */ = {isa = PBXBuildFile; fileRef = 1E53149A1F040040004911E1 /* ThemeManager.m */; };
		1E5314A91F040040004911E1 /* UIButton+Theme.m in Sources */ = {isa = PBXBuildFile; fileRef = 1E53149C1F040040004911E1 /* UIButton+Theme.m */; };
		1E5314AA1F040040004911E1 /* UIColor+KIAdditions.m in Sources */ = {isa = PBXBuildFile; fileRef = 1E53149E1F040040004911E1 /* UIColor+KIAdditions.m */; };
		1E5314AB1F040040004911E1 /* UILabel+Theme.m in Sources */ = {isa = PBXBuildFile; fileRef = 1E5314A01F040040004911E1 /* UILabel+Theme.m */; };
		1E5314AC1F040040004911E1 /* UISearchBar+Theme.m in Sources */ = {isa = PBXBuildFile; fileRef = 1E5314A21F040040004911E1 /* UISearchBar+Theme.m */; };
		1E5314AD1F040040004911E1 /* UIView+Theme.m in Sources */ = {isa = PBXBuildFile; fileRef = 1E5314A41F040040004911E1 /* UIView+Theme.m */; };
		1E5314B61F040049004911E1 /* TabBarController.m in Sources */ = {isa = PBXBuildFile; fileRef = 1E5314B21F040049004911E1 /* TabBarController.m */; };
		1E5314BA1F040074004911E1 /* UIImage+KIAdditions.m in Sources */ = {isa = PBXBuildFile; fileRef = 1E5314B91F040074004911E1 /* UIImage+KIAdditions.m */; };
		1E5314BD1F0401DC004911E1 /* KNacigationController.m in Sources */ = {isa = PBXBuildFile; fileRef = 1E5314BC1F0401DC004911E1 /* KNacigationController.m */; };
		1E5314C11F0404F9004911E1 /* MeHeaderView.m in Sources */ = {isa = PBXBuildFile; fileRef = 1E5314BF1F0404F9004911E1 /* MeHeaderView.m */; };
		1E5314C21F0404F9004911E1 /* MeHeaderView.xib in Resources */ = {isa = PBXBuildFile; fileRef = 1E5314C01F0404F9004911E1 /* MeHeaderView.xib */; };
		1E5314C51F040508004911E1 /* SettingViewController.m in Sources */ = {isa = PBXBuildFile; fileRef = 1E5314C41F040508004911E1 /* SettingViewController.m */; };
/* End PBXBuildFile section */

/* Begin PBXFileReference section */
		1E5314791F040026004911E1 /* ThemeManagerDemo.app */ = {isa = PBXFileReference; explicitFileType = wrapper.application; includeInIndex = 0; path = ThemeManagerDemo.app; sourceTree = BUILT_PRODUCTS_DIR; };
		1E53147D1F040026004911E1 /* main.m */ = {isa = PBXFileReference; lastKnownFileType = sourcecode.c.objc; path = main.m; sourceTree = "<group>"; };
		1E53147F1F040026004911E1 /* AppDelegate.h */ = {isa = PBXFileReference; lastKnownFileType = sourcecode.c.h; path = AppDelegate.h; sourceTree = "<group>"; };
		1E5314801F040026004911E1 /* AppDelegate.m */ = {isa = PBXFileReference; lastKnownFileType = sourcecode.c.objc; path = AppDelegate.m; sourceTree = "<group>"; };
		1E5314821F040026004911E1 /* ViewController.h */ = {isa = PBXFileReference; lastKnownFileType = sourcecode.c.h; path = ViewController.h; sourceTree = "<group>"; };
		1E5314831F040026004911E1 /* ViewController.m */ = {isa = PBXFileReference; lastKnownFileType = sourcecode.c.objc; path = ViewController.m; sourceTree = "<group>"; };
		1E5314861F040026004911E1 /* Base */ = {isa = PBXFileReference; lastKnownFileType = file.storyboard; name = Base; path = Base.lproj/Main.storyboard; sourceTree = "<group>"; };
		1E5314881F040026004911E1 /* Assets.xcassets */ = {isa = PBXFileReference; lastKnownFileType = folder.assetcatalog; path = Assets.xcassets; sourceTree = "<group>"; };
		1E53148B1F040026004911E1 /* Base */ = {isa = PBXFileReference; lastKnownFileType = file.storyboard; name = Base; path = Base.lproj/LaunchScreen.storyboard; sourceTree = "<group>"; };
		1E53148D1F040026004911E1 /* Info.plist */ = {isa = PBXFileReference; lastKnownFileType = text.plist.xml; path = Info.plist; sourceTree = "<group>"; };
		1E5314941F040040004911E1 /* DeallocBlockExecutor.h */ = {isa = PBXFileReference; fileEncoding = 4; lastKnownFileType = sourcecode.c.h; path = DeallocBlockExecutor.h; sourceTree = "<group>"; };
		1E5314951F040040004911E1 /* DeallocBlockExecutor.m */ = {isa = PBXFileReference; fileEncoding = 4; lastKnownFileType = sourcecode.c.objc; path = DeallocBlockExecutor.m; sourceTree = "<group>"; };
		1E5314961F040040004911E1 /* NSObject+DeallocBlock.h */ = {isa = PBXFileReference; fileEncoding = 4; lastKnownFileType = sourcecode.c.h; path = "NSObject+DeallocBlock.h"; sourceTree = "<group>"; };
		1E5314971F040040004911E1 /* NSObject+DeallocBlock.m */ = {isa = PBXFileReference; fileEncoding = 4; lastKnownFileType = sourcecode.c.objc; path = "NSObject+DeallocBlock.m"; sourceTree = "<group>"; };
		1E5314981F040040004911E1 /* SkinColors.plist */ = {isa = PBXFileReference; fileEncoding = 4; lastKnownFileType = text.plist.xml; path = SkinColors.plist; sourceTree = "<group>"; };
		1E5314991F040040004911E1 /* ThemeManager.h */ = {isa = PBXFileReference; fileEncoding = 4; lastKnownFileType = sourcecode.c.h; path = ThemeManager.h; sourceTree = "<group>"; };
		1E53149A1F040040004911E1 /* ThemeManager.m */ = {isa = PBXFileReference; fileEncoding = 4; lastKnownFileType = sourcecode.c.objc; path = ThemeManager.m; sourceTree = "<group>"; };
		1E53149B1F040040004911E1 /* UIButton+Theme.h */ = {isa = PBXFileReference; fileEncoding = 4; lastKnownFileType = sourcecode.c.h; path = "UIButton+Theme.h"; sourceTree = "<group>"; };
		1E53149C1F040040004911E1 /* UIButton+Theme.m */ = {isa = PBXFileReference; fileEncoding = 4; lastKnownFileType = sourcecode.c.objc; path = "UIButton+Theme.m"; sourceTree = "<group>"; };
		1E53149D1F040040004911E1 /* UIColor+KIAdditions.h */ = {isa = PBXFileReference; fileEncoding = 4; lastKnownFileType = sourcecode.c.h; path = "UIColor+KIAdditions.h"; sourceTree = "<group>"; };
		1E53149E1F040040004911E1 /* UIColor+KIAdditions.m */ = {isa = PBXFileReference; fileEncoding = 4; lastKnownFileType = sourcecode.c.objc; path = "UIColor+KIAdditions.m"; sourceTree = "<group>"; };
		1E53149F1F040040004911E1 /* UILabel+Theme.h */ = {isa = PBXFileReference; fileEncoding = 4; lastKnownFileType = sourcecode.c.h; path = "UILabel+Theme.h"; sourceTree = "<group>"; };
		1E5314A01F040040004911E1 /* UILabel+Theme.m */ = {isa = PBXFileReference; fileEncoding = 4; lastKnownFileType = sourcecode.c.objc; path = "UILabel+Theme.m"; sourceTree = "<group>"; };
		1E5314A11F040040004911E1 /* UISearchBar+Theme.h */ = {isa = PBXFileReference; fileEncoding = 4; lastKnownFileType = sourcecode.c.h; path = "UISearchBar+Theme.h"; sourceTree = "<group>"; };
		1E5314A21F040040004911E1 /* UISearchBar+Theme.m */ = {isa = PBXFileReference; fileEncoding = 4; lastKnownFileType = sourcecode.c.objc; path = "UISearchBar+Theme.m"; sourceTree = "<group>"; };
		1E5314A31F040040004911E1 /* UIView+Theme.h */ = {isa = PBXFileReference; fileEncoding = 4; lastKnownFileType = sourcecode.c.h; path = "UIView+Theme.h"; sourceTree = "<group>"; };
		1E5314A41F040040004911E1 /* UIView+Theme.m */ = {isa = PBXFileReference; fileEncoding = 4; lastKnownFileType = sourcecode.c.objc; path = "UIView+Theme.m"; sourceTree = "<group>"; };
		1E5314B11F040049004911E1 /* TabBarController.h */ = {isa = PBXFileReference; fileEncoding = 4; lastKnownFileType = sourcecode.c.h; path = TabBarController.h; sourceTree = "<group>"; };
		1E5314B21F040049004911E1 /* TabBarController.m */ = {isa = PBXFileReference; fileEncoding = 4; lastKnownFileType = sourcecode.c.objc; path = TabBarController.m; sourceTree = "<group>"; };
		1E5314B81F040074004911E1 /* UIImage+KIAdditions.h */ = {isa = PBXFileReference; fileEncoding = 4; lastKnownFileType = sourcecode.c.h; path = "UIImage+KIAdditions.h"; sourceTree = "<group>"; };
		1E5314B91F040074004911E1 /* UIImage+KIAdditions.m */ = {isa = PBXFileReference; fileEncoding = 4; lastKnownFileType = sourcecode.c.objc; path = "UIImage+KIAdditions.m"; sourceTree = "<group>"; };
		1E5314BB1F0401DC004911E1 /* KNacigationController.h */ = {isa = PBXFileReference; fileEncoding = 4; lastKnownFileType = sourcecode.c.h; path = KNacigationController.h; sourceTree = "<group>"; };
		1E5314BC1F0401DC004911E1 /* KNacigationController.m */ = {isa = PBXFileReference; fileEncoding = 4; lastKnownFileType = sourcecode.c.objc; path = KNacigationController.m; sourceTree = "<group>"; };
		1E5314BE1F0404F9004911E1 /* MeHeaderView.h */ = {isa = PBXFileReference; fileEncoding = 4; lastKnownFileType = sourcecode.c.h; path = MeHeaderView.h; sourceTree = "<group>"; };
		1E5314BF1F0404F9004911E1 /* MeHeaderView.m */ = {isa = PBXFileReference; fileEncoding = 4; lastKnownFileType = sourcecode.c.objc; path = MeHeaderView.m; sourceTree = "<group>"; };
		1E5314C01F0404F9004911E1 /* MeHeaderView.xib */ = {isa = PBXFileReference; fileEncoding = 4; lastKnownFileType = file.xib; path = MeHeaderView.xib; sourceTree = "<group>"; };
		1E5314C31F040508004911E1 /* SettingViewController.h */ = {isa = PBXFileReference; fileEncoding = 4; lastKnownFileType = sourcecode.c.h; path = SettingViewController.h; sourceTree = "<group>"; };
		1E5314C41F040508004911E1 /* SettingViewController.m */ = {isa = PBXFileReference; fileEncoding = 4; lastKnownFileType = sourcecode.c.objc; path = SettingViewController.m; sourceTree = "<group>"; };
/* End PBXFileReference section */

/* Begin PBXFrameworksBuildPhase section */
		1E5314761F040026004911E1 /* Frameworks */ = {
			isa = PBXFrameworksBuildPhase;
			buildActionMask = 2147483647;
			files = (
			);
			runOnlyForDeploymentPostprocessing = 0;
		};
/* End PBXFrameworksBuildPhase section */

/* Begin PBXGroup section */
		1E5314701F040026004911E1 = {
			isa = PBXGroup;
			children = (
				1E53147B1F040026004911E1 /* ThemeManagerDemo */,
				1E53147A1F040026004911E1 /* Products */,
			);
			sourceTree = "<group>";
		};
		1E53147A1F040026004911E1 /* Products */ = {
			isa = PBXGroup;
			children = (
				1E5314791F040026004911E1 /* ThemeManagerDemo.app */,
			);
			name = Products;
			sourceTree = "<group>";
		};
		1E53147B1F040026004911E1 /* ThemeManagerDemo */ = {
			isa = PBXGroup;
			children = (
				1E5314AE1F040049004911E1 /* tabBar */,
				1E5314931F04003F004911E1 /* Theme */,
				1E53147F1F040026004911E1 /* AppDelegate.h */,
				1E5314801F040026004911E1 /* AppDelegate.m */,
				1E5314C31F040508004911E1 /* SettingViewController.h */,
				1E5314C41F040508004911E1 /* SettingViewController.m */,
				1E5314821F040026004911E1 /* ViewController.h */,
				1E5314831F040026004911E1 /* ViewController.m */,
				1E5314851F040026004911E1 /* Main.storyboard */,
				1E5314BE1F0404F9004911E1 /* MeHeaderView.h */,
				1E5314BF1F0404F9004911E1 /* MeHeaderView.m */,
				1E5314C01F0404F9004911E1 /* MeHeaderView.xib */,
				1E5314881F040026004911E1 /* Assets.xcassets */,
				1E53148A1F040026004911E1 /* LaunchScreen.storyboard */,
				1E53148D1F040026004911E1 /* Info.plist */,
				1E53147C1F040026004911E1 /* Supporting Files */,
			);
			path = ThemeManagerDemo;
			sourceTree = "<group>";
		};
		1E53147C1F040026004911E1 /* Supporting Files */ = {
			isa = PBXGroup;
			children = (
				1E53147D1F040026004911E1 /* main.m */,
			);
			name = "Supporting Files";
			sourceTree = "<group>";
		};
		1E5314931F04003F004911E1 /* Theme */ = {
			isa = PBXGroup;
			children = (
				1E5314941F040040004911E1 /* DeallocBlockExecutor.h */,
				1E5314951F040040004911E1 /* DeallocBlockExecutor.m */,
				1E5314961F040040004911E1 /* NSObject+DeallocBlock.h */,
				1E5314971F040040004911E1 /* NSObject+DeallocBlock.m */,
				1E5314981F040040004911E1 /* SkinColors.plist */,
				1E5314991F040040004911E1 /* ThemeManager.h */,
				1E53149A1F040040004911E1 /* ThemeManager.m */,
				1E53149B1F040040004911E1 /* UIButton+Theme.h */,
				1E53149C1F040040004911E1 /* UIButton+Theme.m */,
				1E53149F1F040040004911E1 /* UILabel+Theme.h */,
				1E5314A01F040040004911E1 /* UILabel+Theme.m */,
				1E5314A11F040040004911E1 /* UISearchBar+Theme.h */,
				1E5314A21F040040004911E1 /* UISearchBar+Theme.m */,
				1E5314A31F040040004911E1 /* UIView+Theme.h */,
				1E5314A41F040040004911E1 /* UIView+Theme.m */,
				1E53149D1F040040004911E1 /* UIColor+KIAdditions.h */,
				1E53149E1F040040004911E1 /* UIColor+KIAdditions.m */,
				1E5314B81F040074004911E1 /* UIImage+KIAdditions.h */,
				1E5314B91F040074004911E1 /* UIImage+KIAdditions.m */,
			);
			path = Theme;
			sourceTree = "<group>";
		};
		1E5314AE1F040049004911E1 /* tabBar */ = {
			isa = PBXGroup;
			children = (
				1E5314BB1F0401DC004911E1 /* KNacigationController.h */,
				1E5314BC1F0401DC004911E1 /* KNacigationController.m */,
				1E5314B11F040049004911E1 /* TabBarController.h */,
				1E5314B21F040049004911E1 /* TabBarController.m */,
			);
			path = tabBar;
			sourceTree = "<group>";
		};
/* End PBXGroup section */

/* Begin PBXNativeTarget section */
		1E5314781F040026004911E1 /* ThemeManagerDemo */ = {
			isa = PBXNativeTarget;
			buildConfigurationList = 1E5314901F040026004911E1 /* Build configuration list for PBXNativeTarget "ThemeManagerDemo" */;
			buildPhases = (
				1E5314751F040026004911E1 /* Sources */,
				1E5314761F040026004911E1 /* Frameworks */,
				1E5314771F040026004911E1 /* Resources */,
			);
			buildRules = (
			);
			dependencies = (
			);
			name = ThemeManagerDemo;
			productName = ThemeManagerDemo;
			productReference = 1E5314791F040026004911E1 /* ThemeManagerDemo.app */;
			productType = "com.apple.product-type.application";
		};
/* End PBXNativeTarget section */

/* Begin PBXProject section */
		1E5314711F040026004911E1 /* Project object */ = {
			isa = PBXProject;
			attributes = {
				LastUpgradeCheck = 0800;
				ORGANIZATIONNAME = xiaoyu;
				TargetAttributes = {
					1E5314781F040026004911E1 = {
						CreatedOnToolsVersion = 8.0;
						DevelopmentTeam = FG5RC58SYB;
						ProvisioningStyle = Automatic;
					};
				};
			};
			buildConfigurationList = 1E5314741F040026004911E1 /* Build configuration list for PBXProject "ThemeManagerDemo" */;
			compatibilityVersion = "Xcode 3.2";
			developmentRegion = English;
			hasScannedForEncodings = 0;
			knownRegions = (
				en,
				Base,
			);
			mainGroup = 1E5314701F040026004911E1;
			productRefGroup = 1E53147A1F040026004911E1 /* Products */;
			projectDirPath = "";
			projectRoot = "";
			targets = (
				1E5314781F040026004911E1 /* ThemeManagerDemo */,
			);
		};
/* End PBXProject section */

/* Begin PBXResourcesBuildPhase section */
		1E5314771F040026004911E1 /* Resources */ = {
			isa = PBXResourcesBuildPhase;
			buildActionMask = 2147483647;
			files = (
				1E53148C1F040026004911E1 /* LaunchScreen.storyboard in Resources */,
				1E5314A71F040040004911E1 /* SkinColors.plist in Resources */,
				1E5314C21F0404F9004911E1 /* MeHeaderView.xib in Resources */,
				1E5314891F040026004911E1 /* Assets.xcassets in Resources */,
				1E5314871F040026004911E1 /* Main.storyboard in Resources */,
			);
			runOnlyForDeploymentPostprocessing = 0;
		};
/* End PBXResourcesBuildPhase section */

/* Begin PBXSourcesBuildPhase section */
		1E5314751F040026004911E1 /* Sources */ = {
			isa = PBXSourcesBuildPhase;
			buildActionMask = 2147483647;
			files = (
				1E5314841F040026004911E1 /* ViewController.m in Sources */,
				1E5314811F040026004911E1 /* AppDelegate.m in Sources */,
				1E5314BD1F0401DC004911E1 /* KNacigationController.m in Sources */,
				1E5314B61F040049004911E1 /* TabBarController.m in Sources */,
				1E53147E1F040026004911E1 /* main.m in Sources */,
				1E5314AA1F040040004911E1 /* UIColor+KIAdditions.m in Sources */,
				1E5314A61F040040004911E1 /* NSObject+DeallocBlock.m in Sources */,
				1E5314A51F040040004911E1 /* DeallocBlockExecutor.m in Sources */,
				1E5314A91F040040004911E1 /* UIButton+Theme.m in Sources */,
				1E5314AB1F040040004911E1 /* UILabel+Theme.m in Sources */,
				1E5314A81F040040004911E1 /* ThemeManager.m in Sources */,
				1E5314AD1F040040004911E1 /* UIView+Theme.m in Sources */,
				1E5314AC1F040040004911E1 /* UISearchBar+Theme.m in Sources */,
				1E5314C11F0404F9004911E1 /* MeHeaderView.m in Sources */,
				1E5314BA1F040074004911E1 /* UIImage+KIAdditions.m in Sources */,
				1E5314C51F040508004911E1 /* SettingViewController.m in Sources */,
			);
			runOnlyForDeploymentPostprocessing = 0;
		};
/* End PBXSourcesBuildPhase section */

/* Begin PBXVariantGroup section */
		1E5314851F040026004911E1 /* Main.storyboard */ = {
			isa = PBXVariantGroup;
			children = (
				1E5314861F040026004911E1 /* Base */,
			);
			name = Main.storyboard;
			sourceTree = "<group>";
		};
		1E53148A1F040026004911E1 /* LaunchScreen.storyboard */ = {
			isa = PBXVariantGroup;
			children = (
				1E53148B1F040026004911E1 /* Base */,
			);
			name = LaunchScreen.storyboard;
			sourceTree = "<group>";
		};
/* End PBXVariantGroup section */

/* Begin XCBuildConfiguration section */
		1E53148E1F040026004911E1 /* Debug */ = {
			isa = XCBuildConfiguration;
			buildSettings = {
				ALWAYS_SEARCH_USER_PATHS = NO;
				CLANG_ANALYZER_NONNULL = YES;
				CLANG_CXX_LANGUAGE_STANDARD = "gnu++0x";
				CLANG_CXX_LIBRARY = "libc++";
				CLANG_ENABLE_MODULES = YES;
				CLANG_ENABLE_OBJC_ARC = YES;
				CLANG_WARN_BOOL_CONVERSION = YES;
				CLANG_WARN_CONSTANT_CONVERSION = YES;
				CLANG_WARN_DIRECT_OBJC_ISA_USAGE = YES_ERROR;
				CLANG_WARN_DOCUMENTATION_COMMENTS = YES;
				CLANG_WARN_EMPTY_BODY = YES;
				CLANG_WARN_ENUM_CONVERSION = YES;
				CLANG_WARN_INFINITE_RECURSION = YES;
				CLANG_WARN_INT_CONVERSION = YES;
				CLANG_WARN_OBJC_ROOT_CLASS = YES_ERROR;
				CLANG_WARN_SUSPICIOUS_MOVES = YES;
				CLANG_WARN_UNREACHABLE_CODE = YES;
				CLANG_WARN__DUPLICATE_METHOD_MATCH = YES;
				"CODE_SIGN_IDENTITY[sdk=iphoneos*]" = "iPhone Developer";
				COPY_PHASE_STRIP = NO;
				DEBUG_INFORMATION_FORMAT = dwarf;
				ENABLE_STRICT_OBJC_MSGSEND = YES;
				ENABLE_TESTABILITY = YES;
				GCC_C_LANGUAGE_STANDARD = gnu99;
				GCC_DYNAMIC_NO_PIC = NO;
				GCC_NO_COMMON_BLOCKS = YES;
				GCC_OPTIMIZATION_LEVEL = 0;
				GCC_PREPROCESSOR_DEFINITIONS = (
					"DEBUG=1",
					"$(inherited)",
				);
				GCC_WARN_64_TO_32_BIT_CONVERSION = YES;
				GCC_WARN_ABOUT_RETURN_TYPE = YES_ERROR;
				GCC_WARN_UNDECLARED_SELECTOR = YES;
				GCC_WARN_UNINITIALIZED_AUTOS = YES_AGGRESSIVE;
				GCC_WARN_UNUSED_FUNCTION = YES;
				GCC_WARN_UNUSED_VARIABLE = YES;
				IPHONEOS_DEPLOYMENT_TARGET = 10.0;
				MTL_ENABLE_DEBUG_INFO = YES;
				ONLY_ACTIVE_ARCH = YES;
				SDKROOT = iphoneos;
			};
			name = Debug;
		};
		1E53148F1F040026004911E1 /* Release */ = {
			isa = XCBuildConfiguration;
			buildSettings = {
				ALWAYS_SEARCH_USER_PATHS = NO;
				CLANG_ANALYZER_NONNULL = YES;
				CLANG_CXX_LANGUAGE_STANDARD = "gnu++0x";
				CLANG_CXX_LIBRARY = "libc++";
				CLANG_ENABLE_MODULES = YES;
				CLANG_ENABLE_OBJC_ARC = YES;
				CLANG_WARN_BOOL_CONVERSION = YES;
				CLANG_WARN_CONSTANT_CONVERSION = YES;
				CLANG_WARN_DIRECT_OBJC_ISA_USAGE = YES_ERROR;
				CLANG_WARN_DOCUMENTATION_COMMENTS = YES;
				CLANG_WARN_EMPTY_BODY = YES;
				CLANG_WARN_ENUM_CONVERSION = YES;
				CLANG_WARN_INFINITE_RECURSION = YES;
				CLANG_WARN_INT_CONVERSION = YES;
				CLANG_WARN_OBJC_ROOT_CLASS = YES_ERROR;
				CLANG_WARN_SUSPICIOUS_MOVES = YES;
				CLANG_WARN_UNREACHABLE_CODE = YES;
				CLANG_WARN__DUPLICATE_METHOD_MATCH = YES;
				"CODE_SIGN_IDENTITY[sdk=iphoneos*]" = "iPhone Developer";
				COPY_PHASE_STRIP = NO;
				DEBUG_INFORMATION_FORMAT = "dwarf-with-dsym";
				ENABLE_NS_ASSERTIONS = NO;
				ENABLE_STRICT_OBJC_MSGSEND = YES;
				GCC_C_LANGUAGE_STANDARD = gnu99;
				GCC_NO_COMMON_BLOCKS = YES;
				GCC_WARN_64_TO_32_BIT_CONVERSION = YES;
				GCC_WARN_ABOUT_RETURN_TYPE = YES_ERROR;
				GCC_WARN_UNDECLARED_SELECTOR = YES;
				GCC_WARN_UNINITIALIZED_AUTOS = YES_AGGRESSIVE;
				GCC_WARN_UNUSED_FUNCTION = YES;
				GCC_WARN_UNUSED_VARIABLE = YES;
				IPHONEOS_DEPLOYMENT_TARGET = 10.0;
				MTL_ENABLE_DEBUG_INFO = NO;
				SDKROOT = iphoneos;
				VALIDATE_PRODUCT = YES;
			};
			name = Release;
		};
		1E5314911F040026004911E1 /* Debug */ = {
			isa = XCBuildConfiguration;
			buildSettings = {
				ASSETCATALOG_COMPILER_APPICON_NAME = AppIcon;
				DEVELOPMENT_TEAM = FG5RC58SYB;
				INFOPLIST_FILE = ThemeManagerDemo/Info.plist;
				LD_RUNPATH_SEARCH_PATHS = "$(inherited) @executable_path/Frameworks";
				PRODUCT_BUNDLE_IDENTIFIER = XY.ThemeManagerDemo;
				PRODUCT_NAME = "$(TARGET_NAME)";
			};
			name = Debug;
		};
		1E5314921F040026004911E1 /* Release */ = {
			isa = XCBuildConfiguration;
			buildSettings = {
				ASSETCATALOG_COMPILER_APPICON_NAME = AppIcon;
				DEVELOPMENT_TEAM = FG5RC58SYB;
				INFOPLIST_FILE = ThemeManagerDemo/Info.plist;
				LD_RUNPATH_SEARCH_PATHS = "$(inherited) @executable_path/Frameworks";
				PRODUCT_BUNDLE_IDENTIFIER = XY.ThemeManagerDemo;
				PRODUCT_NAME = "$(TARGET_NAME)";
			};
			name = Release;
		};
/* End XCBuildConfiguration section */

/* Begin XCConfigurationList section */
		1E5314741F040026004911E1 /* Build configuration list for PBXProject "ThemeManagerDemo" */ = {
			isa = XCConfigurationList;
			buildConfigurations = (
				1E53148E1F040026004911E1 /* Debug */,
				1E53148F1F040026004911E1 /* Release */,
			);
			defaultConfigurationIsVisible = 0;
			defaultConfigurationName = Release;
		};
		1E5314901F040026004911E1 /* Build configuration list for PBXNativeTarget "ThemeManagerDemo" */ = {
			isa = XCConfigurationList;
			buildConfigurations = (
				1E5314911F040026004911E1 /* Debug */,
				1E5314921F040026004911E1 /* Release */,
			);
			defaultConfigurationIsVisible = 0;
		};
/* End XCConfigurationList section */
	};
	rootObject = 1E5314711F040026004911E1 /* Project object */;
}
