// !$*UTF8*$!
{
	archiveVersion = 1;
	classes = {
	};
	objectVersion = 46;
	objects = {

/* Begin PBXBuildFile section */
		B936B4FA1E56E37D0031414D /* main.m in Sources */ = {isa = PBXBuildFile; fileRef = B936B4F91E56E37D0031414D /* main.m */; };
		B936B4FD1E56E37D0031414D /* AppDelegate.m in Sources */ = {isa = PBXBuildFile; fileRef = B936B4FC1E56E37D0031414D /* AppDelegate.m */; };
		B936B5051E56E37D0031414D /* Assets.xcassets in Resources */ = {isa = PBXBuildFile; fileRef = B936B5041E56E37D0031414D /* Assets.xcassets */; };
		B936B5081E56E37D0031414D /* LaunchScreen.storyboard in Resources */ = {isa = PBXBuildFile; fileRef = B936B5061E56E37D0031414D /* LaunchScreen.storyboard */; };
		B936B5131E56E37E0031414D /* MMSkinTests.m in Sources */ = {isa = PBXBuildFile; fileRef = B936B5121E56E37E0031414D /* MMSkinTests.m */; };
		B936B51E1E56E37E0031414D /* MMSkinUITests.m in Sources */ = {isa = PBXBuildFile; fileRef = B936B51D1E56E37E0031414D /* MMSkinUITests.m */; };
		B936B5301E56E9F60031414D /* MMSkinViewController.m in Sources */ = {isa = PBXBuildFile; fileRef = B936B52F1E56E9F60031414D /* MMSkinViewController.m */; };
		B936B5331E56EA200031414D /* MMNavigationController.m in Sources */ = {isa = PBXBuildFile; fileRef = B936B5321E56EA200031414D /* MMNavigationController.m */; };
		B936B5391E56EA5A0031414D /* MMPublishViewController.m in Sources */ = {isa = PBXBuildFile; fileRef = B936B5381E56EA5A0031414D /* MMPublishViewController.m */; };
		B936B53C1E56EA7D0031414D /* MMTabBarController.m in Sources */ = {isa = PBXBuildFile; fileRef = B936B53B1E56EA7D0031414D /* MMTabBarController.m */; };
		B936B5421E56EBA10031414D /* UIView+MMExtension.m in Sources */ = {isa = PBXBuildFile; fileRef = B936B5411E56EBA10031414D /* UIView+MMExtension.m */; };
		B936B54C1E57630C0031414D /* MMTabBar.m in Sources */ = {isa = PBXBuildFile; fileRef = B936B54B1E57630C0031414D /* MMTabBar.m */; };
		B936B54F1E5769740031414D /* NSObject+MMSkinManager.m in Sources */ = {isa = PBXBuildFile; fileRef = B936B54E1E5769740031414D /* NSObject+MMSkinManager.m */; };
		B936B5A21E59C5E00031414D /* MMShineManager.m in Sources */ = {isa = PBXBuildFile; fileRef = B936B5A11E59C5E00031414D /* MMShineManager.m */; };
		B936B5A41E5A09080031414D /* MMSkin.bundle in Resources */ = {isa = PBXBuildFile; fileRef = B936B5A31E5A09080031414D /* MMSkin.bundle */; };
/* End PBXBuildFile section */

/* Begin PBXContainerItemProxy section */
		B936B50F1E56E37E0031414D /* PBXContainerItemProxy */ = {
			isa = PBXContainerItemProxy;
			containerPortal = B936B4ED1E56E37D0031414D /* Project object */;
			proxyType = 1;
			remoteGlobalIDString = B936B4F41E56E37D0031414D;
			remoteInfo = MMSkin;
		};
		B936B51A1E56E37E0031414D /* PBXContainerItemProxy */ = {
			isa = PBXContainerItemProxy;
			containerPortal = B936B4ED1E56E37D0031414D /* Project object */;
			proxyType = 1;
			remoteGlobalIDString = B936B4F41E56E37D0031414D;
			remoteInfo = MMSkin;
		};
/* End PBXContainerItemProxy section */

/* Begin PBXFileReference section */
		B936B4F51E56E37D0031414D /* MMSkin.app */ = {isa = PBXFileReference; explicitFileType = wrapper.application; includeInIndex = 0; path = MMSkin.app; sourceTree = BUILT_PRODUCTS_DIR; };
		B936B4F91E56E37D0031414D /* main.m */ = {isa = PBXFileReference; lastKnownFileType = sourcecode.c.objc; path = main.m; sourceTree = "<group>"; };
		B936B4FB1E56E37D0031414D /* AppDelegate.h */ = {isa = PBXFileReference; lastKnownFileType = sourcecode.c.h; path = AppDelegate.h; sourceTree = "<group>"; };
		B936B4FC1E56E37D0031414D /* AppDelegate.m */ = {isa = PBXFileReference; lastKnownFileType = sourcecode.c.objc; path = AppDelegate.m; sourceTree = "<group>"; };
		B936B5041E56E37D0031414D /* Assets.xcassets */ = {isa = PBXFileReference; lastKnownFileType = folder.assetcatalog; path = Assets.xcassets; sourceTree = "<group>"; };
		B936B5071E56E37D0031414D /* Base */ = {isa = PBXFileReference; lastKnownFileType = file.storyboard; name = Base; path = Base.lproj/LaunchScreen.storyboard; sourceTree = "<group>"; };
		B936B5091E56E37D0031414D /* Info.plist */ = {isa = PBXFileReference; lastKnownFileType = text.plist.xml; path = Info.plist; sourceTree = "<group>"; };
		B936B50E1E56E37E0031414D /* MMSkinTests.xctest */ = {isa = PBXFileReference; explicitFileType = wrapper.cfbundle; includeInIndex = 0; path = MMSkinTests.xctest; sourceTree = BUILT_PRODUCTS_DIR; };
		B936B5121E56E37E0031414D /* MMSkinTests.m */ = {isa = PBXFileReference; lastKnownFileType = sourcecode.c.objc; path = MMSkinTests.m; sourceTree = "<group>"; };
		B936B5141E56E37E0031414D /* Info.plist */ = {isa = PBXFileReference; lastKnownFileType = text.plist.xml; path = Info.plist; sourceTree = "<group>"; };
		B936B5191E56E37E0031414D /* MMSkinUITests.xctest */ = {isa = PBXFileReference; explicitFileType = wrapper.cfbundle; includeInIndex = 0; path = MMSkinUITests.xctest; sourceTree = BUILT_PRODUCTS_DIR; };
		B936B51D1E56E37E0031414D /* MMSkinUITests.m */ = {isa = PBXFileReference; lastKnownFileType = sourcecode.c.objc; path = MMSkinUITests.m; sourceTree = "<group>"; };
		B936B51F1E56E37E0031414D /* Info.plist */ = {isa = PBXFileReference; lastKnownFileType = text.plist.xml; path = Info.plist; sourceTree = "<group>"; };
		B936B52E1E56E9F60031414D /* MMSkinViewController.h */ = {isa = PBXFileReference; fileEncoding = 4; lastKnownFileType = sourcecode.c.h; path = MMSkinViewController.h; sourceTree = "<group>"; };
		B936B52F1E56E9F60031414D /* MMSkinViewController.m */ = {isa = PBXFileReference; fileEncoding = 4; lastKnownFileType = sourcecode.c.objc; path = MMSkinViewController.m; sourceTree = "<group>"; };
		B936B5311E56EA200031414D /* MMNavigationController.h */ = {isa = PBXFileReference; fileEncoding = 4; lastKnownFileType = sourcecode.c.h; path = MMNavigationController.h; sourceTree = "<group>"; };
		B936B5321E56EA200031414D /* MMNavigationController.m */ = {isa = PBXFileReference; fileEncoding = 4; lastKnownFileType = sourcecode.c.objc; path = MMNavigationController.m; sourceTree = "<group>"; };
		B936B5371E56EA5A0031414D /* MMPublishViewController.h */ = {isa = PBXFileReference; fileEncoding = 4; lastKnownFileType = sourcecode.c.h; path = MMPublishViewController.h; sourceTree = "<group>"; };
		B936B5381E56EA5A0031414D /* MMPublishViewController.m */ = {isa = PBXFileReference; fileEncoding = 4; lastKnownFileType = sourcecode.c.objc; path = MMPublishViewController.m; sourceTree = "<group>"; };
		B936B53A1E56EA7D0031414D /* MMTabBarController.h */ = {isa = PBXFileReference; fileEncoding = 4; lastKnownFileType = sourcecode.c.h; path = MMTabBarController.h; sourceTree = "<group>"; };
		B936B53B1E56EA7D0031414D /* MMTabBarController.m */ = {isa = PBXFileReference; fileEncoding = 4; lastKnownFileType = sourcecode.c.objc; path = MMTabBarController.m; sourceTree = "<group>"; };
		B936B5401E56EBA10031414D /* UIView+MMExtension.h */ = {isa = PBXFileReference; fileEncoding = 4; lastKnownFileType = sourcecode.c.h; path = "UIView+MMExtension.h"; sourceTree = "<group>"; };
		B936B5411E56EBA10031414D /* UIView+MMExtension.m */ = {isa = PBXFileReference; fileEncoding = 4; lastKnownFileType = sourcecode.c.objc; path = "UIView+MMExtension.m"; sourceTree = "<group>"; };
		B936B54A1E57630C0031414D /* MMTabBar.h */ = {isa = PBXFileReference; fileEncoding = 4; lastKnownFileType = sourcecode.c.h; path = MMTabBar.h; sourceTree = "<group>"; };
		B936B54B1E57630C0031414D /* MMTabBar.m */ = {isa = PBXFileReference; fileEncoding = 4; lastKnownFileType = sourcecode.c.objc; path = MMTabBar.m; sourceTree = "<group>"; };
		B936B54D1E5769740031414D /* NSObject+MMSkinManager.h */ = {isa = PBXFileReference; fileEncoding = 4; lastKnownFileType = sourcecode.c.h; path = "NSObject+MMSkinManager.h"; sourceTree = "<group>"; };
		B936B54E1E5769740031414D /* NSObject+MMSkinManager.m */ = {isa = PBXFileReference; fileEncoding = 4; lastKnownFileType = sourcecode.c.objc; path = "NSObject+MMSkinManager.m"; sourceTree = "<group>"; };
		B936B5A01E59C5E00031414D /* MMShineManager.h */ = {isa = PBXFileReference; fileEncoding = 4; lastKnownFileType = sourcecode.c.h; path = MMShineManager.h; sourceTree = "<group>"; };
		B936B5A11E59C5E00031414D /* MMShineManager.m */ = {isa = PBXFileReference; fileEncoding = 4; lastKnownFileType = sourcecode.c.objc; path = MMShineManager.m; sourceTree = "<group>"; };
		B936B5A31E5A09080031414D /* MMSkin.bundle */ = {isa = PBXFileReference; lastKnownFileType = "wrapper.plug-in"; path = MMSkin.bundle; sourceTree = "<group>"; };
/* End PBXFileReference section */

/* Begin PBXFrameworksBuildPhase section */
		B936B4F21E56E37D0031414D /* Frameworks */ = {
			isa = PBXFrameworksBuildPhase;
			buildActionMask = 2147483647;
			files = (
			);
			runOnlyForDeploymentPostprocessing = 0;
		};
		B936B50B1E56E37E0031414D /* Frameworks */ = {
			isa = PBXFrameworksBuildPhase;
			buildActionMask = 2147483647;
			files = (
			);
			runOnlyForDeploymentPostprocessing = 0;
		};
		B936B5161E56E37E0031414D /* Frameworks */ = {
			isa = PBXFrameworksBuildPhase;
			buildActionMask = 2147483647;
			files = (
			);
			runOnlyForDeploymentPostprocessing = 0;
		};
/* End PBXFrameworksBuildPhase section */

/* Begin PBXGroup section */
		B936B4EC1E56E37D0031414D = {
			isa = PBXGroup;
			children = (
				B936B4F71E56E37D0031414D /* MMSkin */,
				B936B5111E56E37E0031414D /* MMSkinTests */,
				B936B51C1E56E37E0031414D /* MMSkinUITests */,
				B936B4F61E56E37D0031414D /* Products */,
			);
			sourceTree = "<group>";
		};
		B936B4F61E56E37D0031414D /* Products */ = {
			isa = PBXGroup;
			children = (
				B936B4F51E56E37D0031414D /* MMSkin.app */,
				B936B50E1E56E37E0031414D /* MMSkinTests.xctest */,
				B936B5191E56E37E0031414D /* MMSkinUITests.xctest */,
			);
			name = Products;
			sourceTree = "<group>";
		};
		B936B4F71E56E37D0031414D /* MMSkin */ = {
			isa = PBXGroup;
			children = (
				B936B52B1E56E9B80031414D /* Skin */,
				B936B4FB1E56E37D0031414D /* AppDelegate.h */,
				B936B4FC1E56E37D0031414D /* AppDelegate.m */,
				B936B5041E56E37D0031414D /* Assets.xcassets */,
				B936B5061E56E37D0031414D /* LaunchScreen.storyboard */,
				B936B5091E56E37D0031414D /* Info.plist */,
				B936B4F81E56E37D0031414D /* Supporting Files */,
			);
			path = MMSkin;
			sourceTree = "<group>";
		};
		B936B4F81E56E37D0031414D /* Supporting Files */ = {
			isa = PBXGroup;
			children = (
				B936B4F91E56E37D0031414D /* main.m */,
			);
			name = "Supporting Files";
			sourceTree = "<group>";
		};
		B936B5111E56E37E0031414D /* MMSkinTests */ = {
			isa = PBXGroup;
			children = (
				B936B5121E56E37E0031414D /* MMSkinTests.m */,
				B936B5141E56E37E0031414D /* Info.plist */,
			);
			path = MMSkinTests;
			sourceTree = "<group>";
		};
		B936B51C1E56E37E0031414D /* MMSkinUITests */ = {
			isa = PBXGroup;
			children = (
				B936B51D1E56E37E0031414D /* MMSkinUITests.m */,
				B936B51F1E56E37E0031414D /* Info.plist */,
			);
			path = MMSkinUITests;
			sourceTree = "<group>";
		};
		B936B52B1E56E9B80031414D /* Skin */ = {
			isa = PBXGroup;
			children = (
				B936B5A31E5A09080031414D /* MMSkin.bundle */,
				B936B52D1E56E9D90031414D /* Lib */,
				B936B52C1E56E9CF0031414D /* Controller */,
			);
			name = Skin;
			sourceTree = "<group>";
		};
		B936B52C1E56E9CF0031414D /* Controller */ = {
			isa = PBXGroup;
			children = (
				B936B5371E56EA5A0031414D /* MMPublishViewController.h */,
				B936B5381E56EA5A0031414D /* MMPublishViewController.m */,
				B936B52E1E56E9F60031414D /* MMSkinViewController.h */,
				B936B52F1E56E9F60031414D /* MMSkinViewController.m */,
				B936B5311E56EA200031414D /* MMNavigationController.h */,
				B936B5321E56EA200031414D /* MMNavigationController.m */,
				B936B53A1E56EA7D0031414D /* MMTabBarController.h */,
				B936B53B1E56EA7D0031414D /* MMTabBarController.m */,
			);
			name = Controller;
			sourceTree = "<group>";
		};
		B936B52D1E56E9D90031414D /* Lib */ = {
			isa = PBXGroup;
			children = (
				B936B54D1E5769740031414D /* NSObject+MMSkinManager.h */,
				B936B54E1E5769740031414D /* NSObject+MMSkinManager.m */,
				B936B5401E56EBA10031414D /* UIView+MMExtension.h */,
				B936B5411E56EBA10031414D /* UIView+MMExtension.m */,
				B936B54A1E57630C0031414D /* MMTabBar.h */,
				B936B54B1E57630C0031414D /* MMTabBar.m */,
				B936B5A01E59C5E00031414D /* MMShineManager.h */,
				B936B5A11E59C5E00031414D /* MMShineManager.m */,
			);
			name = Lib;
			sourceTree = "<group>";
		};
/* End PBXGroup section */

/* Begin PBXNativeTarget section */
		B936B4F41E56E37D0031414D /* MMSkin */ = {
			isa = PBXNativeTarget;
			buildConfigurationList = B936B5221E56E37E0031414D /* Build configuration list for PBXNativeTarget "MMSkin" */;
			buildPhases = (
				B936B4F11E56E37D0031414D /* Sources */,
				B936B4F21E56E37D0031414D /* Frameworks */,
				B936B4F31E56E37D0031414D /* Resources */,
			);
			buildRules = (
			);
			dependencies = (
			);
			name = MMSkin;
			productName = MMSkin;
			productReference = B936B4F51E56E37D0031414D /* MMSkin.app */;
			productType = "com.apple.product-type.application";
		};
		B936B50D1E56E37E0031414D /* MMSkinTests */ = {
			isa = PBXNativeTarget;
			buildConfigurationList = B936B5251E56E37E0031414D /* Build configuration list for PBXNativeTarget "MMSkinTests" */;
			buildPhases = (
				B936B50A1E56E37E0031414D /* Sources */,
				B936B50B1E56E37E0031414D /* Frameworks */,
				B936B50C1E56E37E0031414D /* Resources */,
			);
			buildRules = (
			);
			dependencies = (
				B936B5101E56E37E0031414D /* PBXTargetDependency */,
			);
			name = MMSkinTests;
			productName = MMSkinTests;
			productReference = B936B50E1E56E37E0031414D /* MMSkinTests.xctest */;
			productType = "com.apple.product-type.bundle.unit-test";
		};
		B936B5181E56E37E0031414D /* MMSkinUITests */ = {
			isa = PBXNativeTarget;
			buildConfigurationList = B936B5281E56E37E0031414D /* Build configuration list for PBXNativeTarget "MMSkinUITests" */;
			buildPhases = (
				B936B5151E56E37E0031414D /* Sources */,
				B936B5161E56E37E0031414D /* Frameworks */,
				B936B5171E56E37E0031414D /* Resources */,
			);
			buildRules = (
			);
			dependencies = (
				B936B51B1E56E37E0031414D /* PBXTargetDependency */,
			);
			name = MMSkinUITests;
			productName = MMSkinUITests;
			productReference = B936B5191E56E37E0031414D /* MMSkinUITests.xctest */;
			productType = "com.apple.product-type.bundle.ui-testing";
		};
/* End PBXNativeTarget section */

/* Begin PBXProject section */
		B936B4ED1E56E37D0031414D /* Project object */ = {
			isa = PBXProject;
			attributes = {
				LastUpgradeCheck = 0800;
				ORGANIZATIONNAME = evenCoder;
				TargetAttributes = {
					B936B4F41E56E37D0031414D = {
						CreatedOnToolsVersion = 8.0;
						DevelopmentTeam = S4K6LQRR5R;
						ProvisioningStyle = Automatic;
					};
					B936B50D1E56E37E0031414D = {
						CreatedOnToolsVersion = 8.0;
						DevelopmentTeam = S4K6LQRR5R;
						ProvisioningStyle = Automatic;
						TestTargetID = B936B4F41E56E37D0031414D;
					};
					B936B5181E56E37E0031414D = {
						CreatedOnToolsVersion = 8.0;
						DevelopmentTeam = S4K6LQRR5R;
						ProvisioningStyle = Automatic;
						TestTargetID = B936B4F41E56E37D0031414D;
					};
				};
			};
			buildConfigurationList = B936B4F01E56E37D0031414D /* Build configuration list for PBXProject "MMSkin" */;
			compatibilityVersion = "Xcode 3.2";
			developmentRegion = English;
			hasScannedForEncodings = 0;
			knownRegions = (
				en,
				Base,
			);
			mainGroup = B936B4EC1E56E37D0031414D;
			productRefGroup = B936B4F61E56E37D0031414D /* Products */;
			projectDirPath = "";
			projectRoot = "";
			targets = (
				B936B4F41E56E37D0031414D /* MMSkin */,
				B936B50D1E56E37E0031414D /* MMSkinTests */,
				B936B5181E56E37E0031414D /* MMSkinUITests */,
			);
		};
/* End PBXProject section */

/* Begin PBXResourcesBuildPhase section */
		B936B4F31E56E37D0031414D /* Resources */ = {
			isa = PBXResourcesBuildPhase;
			buildActionMask = 2147483647;
			files = (
				B936B5081E56E37D0031414D /* LaunchScreen.storyboard in Resources */,
				B936B5A41E5A09080031414D /* MMSkin.bundle in Resources */,
				B936B5051E56E37D0031414D /* Assets.xcassets in Resources */,
			);
			runOnlyForDeploymentPostprocessing = 0;
		};
		B936B50C1E56E37E0031414D /* Resources */ = {
			isa = PBXResourcesBuildPhase;
			buildActionMask = 2147483647;
			files = (
			);
			runOnlyForDeploymentPostprocessing = 0;
		};
		B936B5171E56E37E0031414D /* Resources */ = {
			isa = PBXResourcesBuildPhase;
			buildActionMask = 2147483647;
			files = (
			);
			runOnlyForDeploymentPostprocessing = 0;
		};
/* End PBXResourcesBuildPhase section */

/* Begin PBXSourcesBuildPhase section */
		B936B4F11E56E37D0031414D /* Sources */ = {
			isa = PBXSourcesBuildPhase;
			buildActionMask = 2147483647;
			files = (
				B936B4FD1E56E37D0031414D /* AppDelegate.m in Sources */,
				B936B5A21E59C5E00031414D /* MMShineManager.m in Sources */,
				B936B53C1E56EA7D0031414D /* MMTabBarController.m in Sources */,
				B936B5421E56EBA10031414D /* UIView+MMExtension.m in Sources */,
				B936B5391E56EA5A0031414D /* MMPublishViewController.m in Sources */,
				B936B5331E56EA200031414D /* MMNavigationController.m in Sources */,
				B936B54F1E5769740031414D /* NSObject+MMSkinManager.m in Sources */,
				B936B5301E56E9F60031414D /* MMSkinViewController.m in Sources */,
				B936B54C1E57630C0031414D /* MMTabBar.m in Sources */,
				B936B4FA1E56E37D0031414D /* main.m in Sources */,
			);
			runOnlyForDeploymentPostprocessing = 0;
		};
		B936B50A1E56E37E0031414D /* Sources */ = {
			isa = PBXSourcesBuildPhase;
			buildActionMask = 2147483647;
			files = (
				B936B5131E56E37E0031414D /* MMSkinTests.m in Sources */,
			);
			runOnlyForDeploymentPostprocessing = 0;
		};
		B936B5151E56E37E0031414D /* Sources */ = {
			isa = PBXSourcesBuildPhase;
			buildActionMask = 2147483647;
			files = (
				B936B51E1E56E37E0031414D /* MMSkinUITests.m in Sources */,
			);
			runOnlyForDeploymentPostprocessing = 0;
		};
/* End PBXSourcesBuildPhase section */

/* Begin PBXTargetDependency section */
		B936B5101E56E37E0031414D /* PBXTargetDependency */ = {
			isa = PBXTargetDependency;
			target = B936B4F41E56E37D0031414D /* MMSkin */;
			targetProxy = B936B50F1E56E37E0031414D /* PBXContainerItemProxy */;
		};
		B936B51B1E56E37E0031414D /* PBXTargetDependency */ = {
			isa = PBXTargetDependency;
			target = B936B4F41E56E37D0031414D /* MMSkin */;
			targetProxy = B936B51A1E56E37E0031414D /* PBXContainerItemProxy */;
		};
/* End PBXTargetDependency section */

/* Begin PBXVariantGroup section */
		B936B5061E56E37D0031414D /* LaunchScreen.storyboard */ = {
			isa = PBXVariantGroup;
			children = (
				B936B5071E56E37D0031414D /* Base */,
			);
			name = LaunchScreen.storyboard;
			sourceTree = "<group>";
		};
/* End PBXVariantGroup section */

/* Begin XCBuildConfiguration section */
		B936B5201E56E37E0031414D /* Debug */ = {
			isa = XCBuildConfiguration;
			buildSettings = {
				ALWAYS_SEARCH_USER_PATHS = NO;
				CLANG_ANALYZER_NONNULL = YES;
				CLANG_CXX_LANGUAGE_STANDARD = "gnu++0x";
				CLANG_CXX_LIBRARY = "libc++";
				CLANG_ENABLE_MODULES = YES;
				CLANG_ENABLE_OBJC_ARC = YES;
				CLANG_WARN_BOOL_CONVERSION = YES;
				CLANG_WARN_CONSTANT_CONVERSION = YES;
				CLANG_WARN_DIRECT_OBJC_ISA_USAGE = YES_ERROR;
				CLANG_WARN_DOCUMENTATION_COMMENTS = YES;
				CLANG_WARN_EMPTY_BODY = YES;
				CLANG_WARN_ENUM_CONVERSION = YES;
				CLANG_WARN_INFINITE_RECURSION = YES;
				CLANG_WARN_INT_CONVERSION = YES;
				CLANG_WARN_OBJC_ROOT_CLASS = YES_ERROR;
				CLANG_WARN_SUSPICIOUS_MOVES = YES;
				CLANG_WARN_UNREACHABLE_CODE = YES;
				CLANG_WARN__DUPLICATE_METHOD_MATCH = YES;
				"CODE_SIGN_IDENTITY[sdk=iphoneos*]" = "iPhone Developer";
				COPY_PHASE_STRIP = NO;
				DEBUG_INFORMATION_FORMAT = dwarf;
				ENABLE_STRICT_OBJC_MSGSEND = YES;
				ENABLE_TESTABILITY = YES;
				GCC_C_LANGUAGE_STANDARD = gnu99;
				GCC_DYNAMIC_NO_PIC = NO;
				GCC_NO_COMMON_BLOCKS = YES;
				GCC_OPTIMIZATION_LEVEL = 0;
				GCC_PREPROCESSOR_DEFINITIONS = (
					"DEBUG=1",
					"$(inherited)",
				);
				GCC_WARN_64_TO_32_BIT_CONVERSION = YES;
				GCC_WARN_ABOUT_RETURN_TYPE = YES_ERROR;
				GCC_WARN_UNDECLARED_SELECTOR = YES;
				GCC_WARN_UNINITIALIZED_AUTOS = YES_AGGRESSIVE;
				GCC_WARN_UNUSED_FUNCTION = YES;
				GCC_WARN_UNUSED_VARIABLE = YES;
				IPHONEOS_DEPLOYMENT_TARGET = 10.0;
				MTL_ENABLE_DEBUG_INFO = YES;
				ONLY_ACTIVE_ARCH = YES;
				SDKROOT = iphoneos;
			};
			name = Debug;
		};
		B936B5211E56E37E0031414D /* Release */ = {
			isa = XCBuildConfiguration;
			buildSettings = {
				ALWAYS_SEARCH_USER_PATHS = NO;
				CLANG_ANALYZER_NONNULL = YES;
				CLANG_CXX_LANGUAGE_STANDARD = "gnu++0x";
				CLANG_CXX_LIBRARY = "libc++";
				CLANG_ENABLE_MODULES = YES;
				CLANG_ENABLE_OBJC_ARC = YES;
				CLANG_WARN_BOOL_CONVERSION = YES;
				CLANG_WARN_CONSTANT_CONVERSION = YES;
				CLANG_WARN_DIRECT_OBJC_ISA_USAGE = YES_ERROR;
				CLANG_WARN_DOCUMENTATION_COMMENTS = YES;
				CLANG_WARN_EMPTY_BODY = YES;
				CLANG_WARN_ENUM_CONVERSION = YES;
				CLANG_WARN_INFINITE_RECURSION = YES;
				CLANG_WARN_INT_CONVERSION = YES;
				CLANG_WARN_OBJC_ROOT_CLASS = YES_ERROR;
				CLANG_WARN_SUSPICIOUS_MOVES = YES;
				CLANG_WARN_UNREACHABLE_CODE = YES;
				CLANG_WARN__DUPLICATE_METHOD_MATCH = YES;
				"CODE_SIGN_IDENTITY[sdk=iphoneos*]" = "iPhone Developer";
				COPY_PHASE_STRIP = NO;
				DEBUG_INFORMATION_FORMAT = "dwarf-with-dsym";
				ENABLE_NS_ASSERTIONS = NO;
				ENABLE_STRICT_OBJC_MSGSEND = YES;
				GCC_C_LANGUAGE_STANDARD = gnu99;
				GCC_NO_COMMON_BLOCKS = YES;
				GCC_WARN_64_TO_32_BIT_CONVERSION = YES;
				GCC_WARN_ABOUT_RETURN_TYPE = YES_ERROR;
				GCC_WARN_UNDECLARED_SELECTOR = YES;
				GCC_WARN_UNINITIALIZED_AUTOS = YES_AGGRESSIVE;
				GCC_WARN_UNUSED_FUNCTION = YES;
				GCC_WARN_UNUSED_VARIABLE = YES;
				IPHONEOS_DEPLOYMENT_TARGET = 10.0;
				MTL_ENABLE_DEBUG_INFO = NO;
				SDKROOT = iphoneos;
				VALIDATE_PRODUCT = YES;
			};
			name = Release;
		};
		B936B5231E56E37E0031414D /* Debug */ = {
			isa = XCBuildConfiguration;
			buildSettings = {
				ASSETCATALOG_COMPILER_APPICON_NAME = AppIcon;
				DEVELOPMENT_TEAM = S4K6LQRR5R;
				INFOPLIST_FILE = MMSkin/Info.plist;
				IPHONEOS_DEPLOYMENT_TARGET = 9.0;
				LD_RUNPATH_SEARCH_PATHS = "$(inherited) @executable_path/Frameworks";
				PRODUCT_BUNDLE_IDENTIFIER = "https---github.com-evenCoder.MMSkin";
				PRODUCT_NAME = "$(TARGET_NAME)";
			};
			name = Debug;
		};
		B936B5241E56E37E0031414D /* Release */ = {
			isa = XCBuildConfiguration;
			buildSettings = {
				ASSETCATALOG_COMPILER_APPICON_NAME = AppIcon;
				DEVELOPMENT_TEAM = S4K6LQRR5R;
				INFOPLIST_FILE = MMSkin/Info.plist;
				IPHONEOS_DEPLOYMENT_TARGET = 9.0;
				LD_RUNPATH_SEARCH_PATHS = "$(inherited) @executable_path/Frameworks";
				PRODUCT_BUNDLE_IDENTIFIER = "https---github.com-evenCoder.MMSkin";
				PRODUCT_NAME = "$(TARGET_NAME)";
			};
			name = Release;
		};
		B936B5261E56E37E0031414D /* Debug */ = {
			isa = XCBuildConfiguration;
			buildSettings = {
				BUNDLE_LOADER = "$(TEST_HOST)";
				DEVELOPMENT_TEAM = S4K6LQRR5R;
				INFOPLIST_FILE = MMSkinTests/Info.plist;
				LD_RUNPATH_SEARCH_PATHS = "$(inherited) @executable_path/Frameworks @loader_path/Frameworks";
				PRODUCT_BUNDLE_IDENTIFIER = "https---github.com-evenCoder.MMSkinTests";
				PRODUCT_NAME = "$(TARGET_NAME)";
				TEST_HOST = "$(BUILT_PRODUCTS_DIR)/MMSkin.app/MMSkin";
			};
			name = Debug;
		};
		B936B5271E56E37E0031414D /* Release */ = {
			isa = XCBuildConfiguration;
			buildSettings = {
				BUNDLE_LOADER = "$(TEST_HOST)";
				DEVELOPMENT_TEAM = S4K6LQRR5R;
				INFOPLIST_FILE = MMSkinTests/Info.plist;
				LD_RUNPATH_SEARCH_PATHS = "$(inherited) @executable_path/Frameworks @loader_path/Frameworks";
				PRODUCT_BUNDLE_IDENTIFIER = "https---github.com-evenCoder.MMSkinTests";
				PRODUCT_NAME = "$(TARGET_NAME)";
				TEST_HOST = "$(BUILT_PRODUCTS_DIR)/MMSkin.app/MMSkin";
			};
			name = Release;
		};
		B936B5291E56E37E0031414D /* Debug */ = {
			isa = XCBuildConfiguration;
			buildSettings = {
				DEVELOPMENT_TEAM = S4K6LQRR5R;
				INFOPLIST_FILE = MMSkinUITests/Info.plist;
				LD_RUNPATH_SEARCH_PATHS = "$(inherited) @executable_path/Frameworks @loader_path/Frameworks";
				PRODUCT_BUNDLE_IDENTIFIER = "https---github.com-evenCoder.MMSkinUITests";
				PRODUCT_NAME = "$(TARGET_NAME)";
				TEST_TARGET_NAME = MMSkin;
			};
			name = Debug;
		};
		B936B52A1E56E37E0031414D /* Release */ = {
			isa = XCBuildConfiguration;
			buildSettings = {
				DEVELOPMENT_TEAM = S4K6LQRR5R;
				INFOPLIST_FILE = MMSkinUITests/Info.plist;
				LD_RUNPATH_SEARCH_PATHS = "$(inherited) @executable_path/Frameworks @loader_path/Frameworks";
				PRODUCT_BUNDLE_IDENTIFIER = "https---github.com-evenCoder.MMSkinUITests";
				PRODUCT_NAME = "$(TARGET_NAME)";
				TEST_TARGET_NAME = MMSkin;
			};
			name = Release;
		};
/* End XCBuildConfiguration section */

/* Begin XCConfigurationList section */
		B936B4F01E56E37D0031414D /* Build configuration list for PBXProject "MMSkin" */ = {
			isa = XCConfigurationList;
			buildConfigurations = (
				B936B5201E56E37E0031414D /* Debug */,
				B936B5211E56E37E0031414D /* Release */,
			);
			defaultConfigurationIsVisible = 0;
			defaultConfigurationName = Release;
		};
		B936B5221E56E37E0031414D /* Build configuration list for PBXNativeTarget "MMSkin" */ = {
			isa = XCConfigurationList;
			buildConfigurations = (
				B936B5231E56E37E0031414D /* Debug */,
				B936B5241E56E37E0031414D /* Release */,
			);
			defaultConfigurationIsVisible = 0;
			defaultConfigurationName = Release;
		};
		B936B5251E56E37E0031414D /* Build configuration list for PBXNativeTarget "MMSkinTests" */ = {
			isa = XCConfigurationList;
			buildConfigurations = (
				B936B5261E56E37E0031414D /* Debug */,
				B936B5271E56E37E0031414D /* Release */,
			);
			defaultConfigurationIsVisible = 0;
			defaultConfigurationName = Release;
		};
		B936B5281E56E37E0031414D /* Build configuration list for PBXNativeTarget "MMSkinUITests" */ = {
			isa = XCConfigurationList;
			buildConfigurations = (
				B936B5291E56E37E0031414D /* Debug */,
				B936B52A1E56E37E0031414D /* Release */,
			);
			defaultConfigurationIsVisible = 0;
			defaultConfigurationName = Release;
		};
/* End XCConfigurationList section */
	};
	rootObject = B936B4ED1E56E37D0031414D /* Project object */;
}
