// !$*UTF8*$!
{
	archiveVersion = 1;
	classes = {
	};
	objectVersion = 46;
	objects = {

/* Begin PBXBuildFile section */
		9A5A86641C58C7EB000E0390 /* tabbar_discover_highlighted.png in Resources */ = {isa = PBXBuildFile; fileRef = 9A5A864C1C58C7EB000E0390 /* tabbar_discover_highlighted.png */; };
		9A5A86651C58C7EB000E0390 /* tabbar_discover_highlighted@2x.png in Resources */ = {isa = PBXBuildFile; fileRef = 9A5A864D1C58C7EB000E0390 /* tabbar_discover_highlighted@2x.png */; };
		9A5A86661C58C7EB000E0390 /* tabbar_discover_selected.png in Resources */ = {isa = PBXBuildFile; fileRef = 9A5A864E1C58C7EB000E0390 /* tabbar_discover_selected.png */; };
		9A5A86671C58C7EB000E0390 /* tabbar_discover_selected@2x.png in Resources */ = {isa = PBXBuildFile; fileRef = 9A5A864F1C58C7EB000E0390 /* tabbar_discover_selected@2x.png */; };
		9A5A86681C58C7EB000E0390 /* tabbar_discover.png in Resources */ = {isa = PBXBuildFile; fileRef = 9A5A86501C58C7EB000E0390 /* tabbar_discover.png */; };
		9A5A86691C58C7EB000E0390 /* tabbar_discover@2x.png in Resources */ = {isa = PBXBuildFile; fileRef = 9A5A86511C58C7EB000E0390 /* tabbar_discover@2x.png */; };
		9A5A866A1C58C7EB000E0390 /* tabbar_home_highlighted.png in Resources */ = {isa = PBXBuildFile; fileRef = 9A5A86521C58C7EB000E0390 /* tabbar_home_highlighted.png */; };
		9A5A866B1C58C7EB000E0390 /* tabbar_home_highlighted@2x.png in Resources */ = {isa = PBXBuildFile; fileRef = 9A5A86531C58C7EB000E0390 /* tabbar_home_highlighted@2x.png */; };
		9A5A866C1C58C7EB000E0390 /* tabbar_home_selected.png in Resources */ = {isa = PBXBuildFile; fileRef = 9A5A86541C58C7EB000E0390 /* tabbar_home_selected.png */; };
		9A5A866D1C58C7EB000E0390 /* tabbar_home_selected@2x.png in Resources */ = {isa = PBXBuildFile; fileRef = 9A5A86551C58C7EB000E0390 /* tabbar_home_selected@2x.png */; };
		9A5A866E1C58C7EB000E0390 /* tabbar_home.png in Resources */ = {isa = PBXBuildFile; fileRef = 9A5A86561C58C7EB000E0390 /* tabbar_home.png */; };
		9A5A866F1C58C7EB000E0390 /* tabbar_home@2x.png in Resources */ = {isa = PBXBuildFile; fileRef = 9A5A86571C58C7EB000E0390 /* tabbar_home@2x.png */; };
		9A5A86701C58C7EB000E0390 /* tabbar_message_center_highlighted.png in Resources */ = {isa = PBXBuildFile; fileRef = 9A5A86581C58C7EB000E0390 /* tabbar_message_center_highlighted.png */; };
		9A5A86711C58C7EB000E0390 /* tabbar_message_center_highlighted@2x.png in Resources */ = {isa = PBXBuildFile; fileRef = 9A5A86591C58C7EB000E0390 /* tabbar_message_center_highlighted@2x.png */; };
		9A5A86721C58C7EB000E0390 /* tabbar_message_center_selected.png in Resources */ = {isa = PBXBuildFile; fileRef = 9A5A865A1C58C7EB000E0390 /* tabbar_message_center_selected.png */; };
		9A5A86731C58C7EB000E0390 /* tabbar_message_center_selected@2x.png in Resources */ = {isa = PBXBuildFile; fileRef = 9A5A865B1C58C7EB000E0390 /* tabbar_message_center_selected@2x.png */; };
		9A5A86741C58C7EB000E0390 /* tabbar_message_center.png in Resources */ = {isa = PBXBuildFile; fileRef = 9A5A865C1C58C7EB000E0390 /* tabbar_message_center.png */; };
		9A5A86751C58C7EB000E0390 /* tabbar_message_center@2x.png in Resources */ = {isa = PBXBuildFile; fileRef = 9A5A865D1C58C7EB000E0390 /* tabbar_message_center@2x.png */; };
		9A5A86761C58C7EB000E0390 /* tabbar_profile_highlighted.png in Resources */ = {isa = PBXBuildFile; fileRef = 9A5A865E1C58C7EB000E0390 /* tabbar_profile_highlighted.png */; };
		9A5A86771C58C7EB000E0390 /* tabbar_profile_highlighted@2x.png in Resources */ = {isa = PBXBuildFile; fileRef = 9A5A865F1C58C7EB000E0390 /* tabbar_profile_highlighted@2x.png */; };
		9A5A86781C58C7EB000E0390 /* tabbar_profile_selected.png in Resources */ = {isa = PBXBuildFile; fileRef = 9A5A86601C58C7EB000E0390 /* tabbar_profile_selected.png */; };
		9A5A86791C58C7EB000E0390 /* tabbar_profile_selected@2x.png in Resources */ = {isa = PBXBuildFile; fileRef = 9A5A86611C58C7EB000E0390 /* tabbar_profile_selected@2x.png */; };
		9A5A867A1C58C7EB000E0390 /* tabbar_profile.png in Resources */ = {isa = PBXBuildFile; fileRef = 9A5A86621C58C7EB000E0390 /* tabbar_profile.png */; };
		9A5A867B1C58C7EB000E0390 /* tabbar_profile@2x.png in Resources */ = {isa = PBXBuildFile; fileRef = 9A5A86631C58C7EB000E0390 /* tabbar_profile@2x.png */; };
		9A5A867D1C58C97F000E0390 /* Skins in Resources */ = {isa = PBXBuildFile; fileRef = 9A5A867C1C58C97F000E0390 /* Skins */; };
		9A6ABC011C59B8B50044A6C0 /* UIFactory.m in Sources */ = {isa = PBXBuildFile; fileRef = 9A6ABC001C59B8B50044A6C0 /* UIFactory.m */; };
		9A6ABC061C59BE380044A6C0 /* navigationbar_background.png in Resources */ = {isa = PBXBuildFile; fileRef = 9A6ABC021C59BE380044A6C0 /* navigationbar_background.png */; };
		9A6ABC071C59BE380044A6C0 /* navigationbar_background@2x.png in Resources */ = {isa = PBXBuildFile; fileRef = 9A6ABC031C59BE380044A6C0 /* navigationbar_background@2x.png */; };
		9A6ABC081C59BE380044A6C0 /* tabbar_background.png in Resources */ = {isa = PBXBuildFile; fileRef = 9A6ABC041C59BE380044A6C0 /* tabbar_background.png */; };
		9A6ABC091C59BE380044A6C0 /* tabbar_background@2x.png in Resources */ = {isa = PBXBuildFile; fileRef = 9A6ABC051C59BE380044A6C0 /* tabbar_background@2x.png */; };
		9A6ACD9E1C58CF3C007F69B0 /* README in Resources */ = {isa = PBXBuildFile; fileRef = 9A6ACD9D1C58CF3C007F69B0 /* README */; };
		9A6ACDA41C58D09F007F69B0 /* ThemeManager.m in Sources */ = {isa = PBXBuildFile; fileRef = 9A6ACDA31C58D09F007F69B0 /* ThemeManager.m */; };
		9A6ACDA91C58D29C007F69B0 /* theme.plist in Resources */ = {isa = PBXBuildFile; fileRef = 9A6ACDA81C58D29C007F69B0 /* theme.plist */; };
		9A6C87971C58BF22003C819A /* main.m in Sources */ = {isa = PBXBuildFile; fileRef = 9A6C87961C58BF22003C819A /* main.m */; };
		9A6C879A1C58BF22003C819A /* AppDelegate.m in Sources */ = {isa = PBXBuildFile; fileRef = 9A6C87991C58BF22003C819A /* AppDelegate.m */; };
		9A6C87A01C58BF22003C819A /* Main.storyboard in Resources */ = {isa = PBXBuildFile; fileRef = 9A6C879E1C58BF22003C819A /* Main.storyboard */; };
		9A6C87A21C58BF22003C819A /* Assets.xcassets in Resources */ = {isa = PBXBuildFile; fileRef = 9A6C87A11C58BF22003C819A /* Assets.xcassets */; };
		9A6C87A51C58BF22003C819A /* LaunchScreen.storyboard in Resources */ = {isa = PBXBuildFile; fileRef = 9A6C87A31C58BF22003C819A /* LaunchScreen.storyboard */; };
		9A6C87B01C58BF22003C819A /* ThemeSkinSetupExampleTests.m in Sources */ = {isa = PBXBuildFile; fileRef = 9A6C87AF1C58BF22003C819A /* ThemeSkinSetupExampleTests.m */; };
		9A6C87BB1C58BF22003C819A /* ThemeSkinSetupExampleUITests.m in Sources */ = {isa = PBXBuildFile; fileRef = 9A6C87BA1C58BF22003C819A /* ThemeSkinSetupExampleUITests.m */; };
		9A6C87CC1C58BF95003C819A /* BaseViewController.m in Sources */ = {isa = PBXBuildFile; fileRef = 9A6C87CB1C58BF95003C819A /* BaseViewController.m */; };
		9A6C87D41C58C01F003C819A /* HomeViewController.m in Sources */ = {isa = PBXBuildFile; fileRef = 9A6C87D21C58C01F003C819A /* HomeViewController.m */; };
		9A6C87D51C58C01F003C819A /* HomeViewController.xib in Resources */ = {isa = PBXBuildFile; fileRef = 9A6C87D31C58C01F003C819A /* HomeViewController.xib */; };
		9A6C87D91C58C032003C819A /* MessageViewController.m in Sources */ = {isa = PBXBuildFile; fileRef = 9A6C87D71C58C032003C819A /* MessageViewController.m */; };
		9A6C87DA1C58C032003C819A /* MessageViewController.xib in Resources */ = {isa = PBXBuildFile; fileRef = 9A6C87D81C58C032003C819A /* MessageViewController.xib */; };
		9A6C87E31C58C053003C819A /* MineViewController.m in Sources */ = {isa = PBXBuildFile; fileRef = 9A6C87E11C58C053003C819A /* MineViewController.m */; };
		9A6C87E41C58C053003C819A /* MineViewController.xib in Resources */ = {isa = PBXBuildFile; fileRef = 9A6C87E21C58C053003C819A /* MineViewController.xib */; };
		9A6C87E71C58C146003C819A /* MainViewController.m in Sources */ = {isa = PBXBuildFile; fileRef = 9A6C87E61C58C146003C819A /* MainViewController.m */; };
		9AC325E81C59B45C0016CBBC /* ThemeTabBarItem.m in Sources */ = {isa = PBXBuildFile; fileRef = 9AC325E71C59B45C0016CBBC /* ThemeTabBarItem.m */; };
		9AF9ED151DBDE92800D52CED /* ScreenShot in Resources */ = {isa = PBXBuildFile; fileRef = 9AF9ED141DBDE92800D52CED /* ScreenShot */; };
/* End PBXBuildFile section */

/* Begin PBXContainerItemProxy section */
		9A6C87AC1C58BF22003C819A /* PBXContainerItemProxy */ = {
			isa = PBXContainerItemProxy;
			containerPortal = 9A6C878A1C58BF22003C819A /* Project object */;
			proxyType = 1;
			remoteGlobalIDString = 9A6C87911C58BF22003C819A;
			remoteInfo = ThemeSkinSetupExample;
		};
		9A6C87B71C58BF22003C819A /* PBXContainerItemProxy */ = {
			isa = PBXContainerItemProxy;
			containerPortal = 9A6C878A1C58BF22003C819A /* Project object */;
			proxyType = 1;
			remoteGlobalIDString = 9A6C87911C58BF22003C819A;
			remoteInfo = ThemeSkinSetupExample;
		};
/* End PBXContainerItemProxy section */

/* Begin PBXFileReference section */
		9A5A864C1C58C7EB000E0390 /* tabbar_discover_highlighted.png */ = {isa = PBXFileReference; lastKnownFileType = image.png; path = tabbar_discover_highlighted.png; sourceTree = "<group>"; };
		9A5A864D1C58C7EB000E0390 /* tabbar_discover_highlighted@2x.png */ = {isa = PBXFileReference; lastKnownFileType = image.png; path = "tabbar_discover_highlighted@2x.png"; sourceTree = "<group>"; };
		9A5A864E1C58C7EB000E0390 /* tabbar_discover_selected.png */ = {isa = PBXFileReference; lastKnownFileType = image.png; path = tabbar_discover_selected.png; sourceTree = "<group>"; };
		9A5A864F1C58C7EB000E0390 /* tabbar_discover_selected@2x.png */ = {isa = PBXFileReference; lastKnownFileType = image.png; path = "tabbar_discover_selected@2x.png"; sourceTree = "<group>"; };
		9A5A86501C58C7EB000E0390 /* tabbar_discover.png */ = {isa = PBXFileReference; lastKnownFileType = image.png; path = tabbar_discover.png; sourceTree = "<group>"; };
		9A5A86511C58C7EB000E0390 /* tabbar_discover@2x.png */ = {isa = PBXFileReference; lastKnownFileType = image.png; path = "tabbar_discover@2x.png"; sourceTree = "<group>"; };
		9A5A86521C58C7EB000E0390 /* tabbar_home_highlighted.png */ = {isa = PBXFileReference; lastKnownFileType = image.png; path = tabbar_home_highlighted.png; sourceTree = "<group>"; };
		9A5A86531C58C7EB000E0390 /* tabbar_home_highlighted@2x.png */ = {isa = PBXFileReference; lastKnownFileType = image.png; path = "tabbar_home_highlighted@2x.png"; sourceTree = "<group>"; };
		9A5A86541C58C7EB000E0390 /* tabbar_home_selected.png */ = {isa = PBXFileReference; lastKnownFileType = image.png; path = tabbar_home_selected.png; sourceTree = "<group>"; };
		9A5A86551C58C7EB000E0390 /* tabbar_home_selected@2x.png */ = {isa = PBXFileReference; lastKnownFileType = image.png; path = "tabbar_home_selected@2x.png"; sourceTree = "<group>"; };
		9A5A86561C58C7EB000E0390 /* tabbar_home.png */ = {isa = PBXFileReference; lastKnownFileType = image.png; path = tabbar_home.png; sourceTree = "<group>"; };
		9A5A86571C58C7EB000E0390 /* tabbar_home@2x.png */ = {isa = PBXFileReference; lastKnownFileType = image.png; path = "tabbar_home@2x.png"; sourceTree = "<group>"; };
		9A5A86581C58C7EB000E0390 /* tabbar_message_center_highlighted.png */ = {isa = PBXFileReference; lastKnownFileType = image.png; path = tabbar_message_center_highlighted.png; sourceTree = "<group>"; };
		9A5A86591C58C7EB000E0390 /* tabbar_message_center_highlighted@2x.png */ = {isa = PBXFileReference; lastKnownFileType = image.png; path = "tabbar_message_center_highlighted@2x.png"; sourceTree = "<group>"; };
		9A5A865A1C58C7EB000E0390 /* tabbar_message_center_selected.png */ = {isa = PBXFileReference; lastKnownFileType = image.png; path = tabbar_message_center_selected.png; sourceTree = "<group>"; };
		9A5A865B1C58C7EB000E0390 /* tabbar_message_center_selected@2x.png */ = {isa = PBXFileReference; lastKnownFileType = image.png; path = "tabbar_message_center_selected@2x.png"; sourceTree = "<group>"; };
		9A5A865C1C58C7EB000E0390 /* tabbar_message_center.png */ = {isa = PBXFileReference; lastKnownFileType = image.png; path = tabbar_message_center.png; sourceTree = "<group>"; };
		9A5A865D1C58C7EB000E0390 /* tabbar_message_center@2x.png */ = {isa = PBXFileReference; lastKnownFileType = image.png; path = "tabbar_message_center@2x.png"; sourceTree = "<group>"; };
		9A5A865E1C58C7EB000E0390 /* tabbar_profile_highlighted.png */ = {isa = PBXFileReference; lastKnownFileType = image.png; path = tabbar_profile_highlighted.png; sourceTree = "<group>"; };
		9A5A865F1C58C7EB000E0390 /* tabbar_profile_highlighted@2x.png */ = {isa = PBXFileReference; lastKnownFileType = image.png; path = "tabbar_profile_highlighted@2x.png"; sourceTree = "<group>"; };
		9A5A86601C58C7EB000E0390 /* tabbar_profile_selected.png */ = {isa = PBXFileReference; lastKnownFileType = image.png; path = tabbar_profile_selected.png; sourceTree = "<group>"; };
		9A5A86611C58C7EB000E0390 /* tabbar_profile_selected@2x.png */ = {isa = PBXFileReference; lastKnownFileType = image.png; path = "tabbar_profile_selected@2x.png"; sourceTree = "<group>"; };
		9A5A86621C58C7EB000E0390 /* tabbar_profile.png */ = {isa = PBXFileReference; lastKnownFileType = image.png; path = tabbar_profile.png; sourceTree = "<group>"; };
		9A5A86631C58C7EB000E0390 /* tabbar_profile@2x.png */ = {isa = PBXFileReference; lastKnownFileType = image.png; path = "tabbar_profile@2x.png"; sourceTree = "<group>"; };
		9A5A867C1C58C97F000E0390 /* Skins */ = {isa = PBXFileReference; lastKnownFileType = folder; path = Skins; sourceTree = "<group>"; };
		9A6ABBFF1C59B8B50044A6C0 /* UIFactory.h */ = {isa = PBXFileReference; fileEncoding = 4; lastKnownFileType = sourcecode.c.h; path = UIFactory.h; sourceTree = "<group>"; };
		9A6ABC001C59B8B50044A6C0 /* UIFactory.m */ = {isa = PBXFileReference; fileEncoding = 4; lastKnownFileType = sourcecode.c.objc; path = UIFactory.m; sourceTree = "<group>"; };
		9A6ABC021C59BE380044A6C0 /* navigationbar_background.png */ = {isa = PBXFileReference; lastKnownFileType = image.png; path = navigationbar_background.png; sourceTree = "<group>"; };
		9A6ABC031C59BE380044A6C0 /* navigationbar_background@2x.png */ = {isa = PBXFileReference; lastKnownFileType = image.png; path = "navigationbar_background@2x.png"; sourceTree = "<group>"; };
		9A6ABC041C59BE380044A6C0 /* tabbar_background.png */ = {isa = PBXFileReference; lastKnownFileType = image.png; path = tabbar_background.png; sourceTree = "<group>"; };
		9A6ABC051C59BE380044A6C0 /* tabbar_background@2x.png */ = {isa = PBXFileReference; lastKnownFileType = image.png; path = "tabbar_background@2x.png"; sourceTree = "<group>"; };
		9A6ACD9D1C58CF3C007F69B0 /* README */ = {isa = PBXFileReference; fileEncoding = 4; lastKnownFileType = text; path = README; sourceTree = "<group>"; };
		9A6ACDA21C58D09F007F69B0 /* ThemeManager.h */ = {isa = PBXFileReference; fileEncoding = 4; lastKnownFileType = sourcecode.c.h; path = ThemeManager.h; sourceTree = "<group>"; };
		9A6ACDA31C58D09F007F69B0 /* ThemeManager.m */ = {isa = PBXFileReference; fileEncoding = 4; lastKnownFileType = sourcecode.c.objc; path = ThemeManager.m; sourceTree = "<group>"; };
		9A6ACDA81C58D29C007F69B0 /* theme.plist */ = {isa = PBXFileReference; fileEncoding = 4; lastKnownFileType = text.plist.xml; path = theme.plist; sourceTree = "<group>"; };
		9A6C87921C58BF22003C819A /* ThemeSkinSetupExample.app */ = {isa = PBXFileReference; explicitFileType = wrapper.application; includeInIndex = 0; path = ThemeSkinSetupExample.app; sourceTree = BUILT_PRODUCTS_DIR; };
		9A6C87961C58BF22003C819A /* main.m */ = {isa = PBXFileReference; lastKnownFileType = sourcecode.c.objc; path = main.m; sourceTree = "<group>"; };
		9A6C87981C58BF22003C819A /* AppDelegate.h */ = {isa = PBXFileReference; lastKnownFileType = sourcecode.c.h; path = AppDelegate.h; sourceTree = "<group>"; };
		9A6C87991C58BF22003C819A /* AppDelegate.m */ = {isa = PBXFileReference; lastKnownFileType = sourcecode.c.objc; path = AppDelegate.m; sourceTree = "<group>"; };
		9A6C879F1C58BF22003C819A /* Base */ = {isa = PBXFileReference; lastKnownFileType = file.storyboard; name = Base; path = Base.lproj/Main.storyboard; sourceTree = "<group>"; };
		9A6C87A11C58BF22003C819A /* Assets.xcassets */ = {isa = PBXFileReference; lastKnownFileType = folder.assetcatalog; path = Assets.xcassets; sourceTree = "<group>"; };
		9A6C87A41C58BF22003C819A /* Base */ = {isa = PBXFileReference; lastKnownFileType = file.storyboard; name = Base; path = Base.lproj/LaunchScreen.storyboard; sourceTree = "<group>"; };
		9A6C87A61C58BF22003C819A /* Info.plist */ = {isa = PBXFileReference; lastKnownFileType = text.plist.xml; path = Info.plist; sourceTree = "<group>"; };
		9A6C87AB1C58BF22003C819A /* ThemeSkinSetupExampleTests.xctest */ = {isa = PBXFileReference; explicitFileType = wrapper.cfbundle; includeInIndex = 0; path = ThemeSkinSetupExampleTests.xctest; sourceTree = BUILT_PRODUCTS_DIR; };
		9A6C87AF1C58BF22003C819A /* ThemeSkinSetupExampleTests.m */ = {isa = PBXFileReference; lastKnownFileType = sourcecode.c.objc; path = ThemeSkinSetupExampleTests.m; sourceTree = "<group>"; };
		9A6C87B11C58BF22003C819A /* Info.plist */ = {isa = PBXFileReference; lastKnownFileType = text.plist.xml; path = Info.plist; sourceTree = "<group>"; };
		9A6C87B61C58BF22003C819A /* ThemeSkinSetupExampleUITests.xctest */ = {isa = PBXFileReference; explicitFileType = wrapper.cfbundle; includeInIndex = 0; path = ThemeSkinSetupExampleUITests.xctest; sourceTree = BUILT_PRODUCTS_DIR; };
		9A6C87BA1C58BF22003C819A /* ThemeSkinSetupExampleUITests.m */ = {isa = PBXFileReference; lastKnownFileType = sourcecode.c.objc; path = ThemeSkinSetupExampleUITests.m; sourceTree = "<group>"; };
		9A6C87BC1C58BF22003C819A /* Info.plist */ = {isa = PBXFileReference; lastKnownFileType = text.plist.xml; path = Info.plist; sourceTree = "<group>"; };
		9A6C87CA1C58BF95003C819A /* BaseViewController.h */ = {isa = PBXFileReference; fileEncoding = 4; lastKnownFileType = sourcecode.c.h; path = BaseViewController.h; sourceTree = "<group>"; };
		9A6C87CB1C58BF95003C819A /* BaseViewController.m */ = {isa = PBXFileReference; fileEncoding = 4; lastKnownFileType = sourcecode.c.objc; path = BaseViewController.m; sourceTree = "<group>"; };
		9A6C87D11C58C01F003C819A /* HomeViewController.h */ = {isa = PBXFileReference; fileEncoding = 4; lastKnownFileType = sourcecode.c.h; path = HomeViewController.h; sourceTree = "<group>"; };
		9A6C87D21C58C01F003C819A /* HomeViewController.m */ = {isa = PBXFileReference; fileEncoding = 4; lastKnownFileType = sourcecode.c.objc; path = HomeViewController.m; sourceTree = "<group>"; };
		9A6C87D31C58C01F003C819A /* HomeViewController.xib */ = {isa = PBXFileReference; fileEncoding = 4; lastKnownFileType = file.xib; path = HomeViewController.xib; sourceTree = "<group>"; };
		9A6C87D61C58C032003C819A /* MessageViewController.h */ = {isa = PBXFileReference; fileEncoding = 4; lastKnownFileType = sourcecode.c.h; path = MessageViewController.h; sourceTree = "<group>"; };
		9A6C87D71C58C032003C819A /* MessageViewController.m */ = {isa = PBXFileReference; fileEncoding = 4; lastKnownFileType = sourcecode.c.objc; path = MessageViewController.m; sourceTree = "<group>"; };
		9A6C87D81C58C032003C819A /* MessageViewController.xib */ = {isa = PBXFileReference; fileEncoding = 4; lastKnownFileType = file.xib; path = MessageViewController.xib; sourceTree = "<group>"; };
		9A6C87E01C58C053003C819A /* MineViewController.h */ = {isa = PBXFileReference; fileEncoding = 4; lastKnownFileType = sourcecode.c.h; path = MineViewController.h; sourceTree = "<group>"; };
		9A6C87E11C58C053003C819A /* MineViewController.m */ = {isa = PBXFileReference; fileEncoding = 4; lastKnownFileType = sourcecode.c.objc; path = MineViewController.m; sourceTree = "<group>"; };
		9A6C87E21C58C053003C819A /* MineViewController.xib */ = {isa = PBXFileReference; fileEncoding = 4; lastKnownFileType = file.xib; path = MineViewController.xib; sourceTree = "<group>"; };
		9A6C87E51C58C146003C819A /* MainViewController.h */ = {isa = PBXFileReference; fileEncoding = 4; lastKnownFileType = sourcecode.c.h; path = MainViewController.h; sourceTree = "<group>"; };
		9A6C87E61C58C146003C819A /* MainViewController.m */ = {isa = PBXFileReference; fileEncoding = 4; lastKnownFileType = sourcecode.c.objc; path = MainViewController.m; sourceTree = "<group>"; };
		9AC325E51C59B3220016CBBC /* NotificationMacro.h */ = {isa = PBXFileReference; lastKnownFileType = sourcecode.c.h; path = NotificationMacro.h; sourceTree = "<group>"; };
		9AC325E61C59B45C0016CBBC /* ThemeTabBarItem.h */ = {isa = PBXFileReference; fileEncoding = 4; lastKnownFileType = sourcecode.c.h; path = ThemeTabBarItem.h; sourceTree = "<group>"; };
		9AC325E71C59B45C0016CBBC /* ThemeTabBarItem.m */ = {isa = PBXFileReference; fileEncoding = 4; lastKnownFileType = sourcecode.c.objc; path = ThemeTabBarItem.m; sourceTree = "<group>"; };
		9AF9ED141DBDE92800D52CED /* ScreenShot */ = {isa = PBXFileReference; lastKnownFileType = folder; path = ScreenShot; sourceTree = "<group>"; };
/* End PBXFileReference section */

/* Begin PBXFrameworksBuildPhase section */
		9A6C878F1C58BF22003C819A /* Frameworks */ = {
			isa = PBXFrameworksBuildPhase;
			buildActionMask = 2147483647;
			files = (
			);
			runOnlyForDeploymentPostprocessing = 0;
		};
		9A6C87A81C58BF22003C819A /* Frameworks */ = {
			isa = PBXFrameworksBuildPhase;
			buildActionMask = 2147483647;
			files = (
			);
			runOnlyForDeploymentPostprocessing = 0;
		};
		9A6C87B31C58BF22003C819A /* Frameworks */ = {
			isa = PBXFrameworksBuildPhase;
			buildActionMask = 2147483647;
			files = (
			);
			runOnlyForDeploymentPostprocessing = 0;
		};
/* End PBXFrameworksBuildPhase section */

/* Begin PBXGroup section */
		9A5A86481C58C59A000E0390 /* Resource */ = {
			isa = PBXGroup;
			children = (
				9A6ACDA71C58D24F007F69B0 /* plist */,
				9A5A86491C58C5AF000E0390 /* image */,
				9A5A867C1C58C97F000E0390 /* Skins */,
				9AF9ED141DBDE92800D52CED /* ScreenShot */,
			);
			name = Resource;
			sourceTree = "<group>";
		};
		9A5A86491C58C5AF000E0390 /* image */ = {
			isa = PBXGroup;
			children = (
				9A6ABC021C59BE380044A6C0 /* navigationbar_background.png */,
				9A6ABC031C59BE380044A6C0 /* navigationbar_background@2x.png */,
				9A6ABC041C59BE380044A6C0 /* tabbar_background.png */,
				9A6ABC051C59BE380044A6C0 /* tabbar_background@2x.png */,
				9A5A864C1C58C7EB000E0390 /* tabbar_discover_highlighted.png */,
				9A5A864D1C58C7EB000E0390 /* tabbar_discover_highlighted@2x.png */,
				9A5A864E1C58C7EB000E0390 /* tabbar_discover_selected.png */,
				9A5A864F1C58C7EB000E0390 /* tabbar_discover_selected@2x.png */,
				9A5A86501C58C7EB000E0390 /* tabbar_discover.png */,
				9A5A86511C58C7EB000E0390 /* tabbar_discover@2x.png */,
				9A5A86521C58C7EB000E0390 /* tabbar_home_highlighted.png */,
				9A5A86531C58C7EB000E0390 /* tabbar_home_highlighted@2x.png */,
				9A5A86541C58C7EB000E0390 /* tabbar_home_selected.png */,
				9A5A86551C58C7EB000E0390 /* tabbar_home_selected@2x.png */,
				9A5A86561C58C7EB000E0390 /* tabbar_home.png */,
				9A5A86571C58C7EB000E0390 /* tabbar_home@2x.png */,
				9A5A86581C58C7EB000E0390 /* tabbar_message_center_highlighted.png */,
				9A5A86591C58C7EB000E0390 /* tabbar_message_center_highlighted@2x.png */,
				9A5A865A1C58C7EB000E0390 /* tabbar_message_center_selected.png */,
				9A5A865B1C58C7EB000E0390 /* tabbar_message_center_selected@2x.png */,
				9A5A865C1C58C7EB000E0390 /* tabbar_message_center.png */,
				9A5A865D1C58C7EB000E0390 /* tabbar_message_center@2x.png */,
				9A5A865E1C58C7EB000E0390 /* tabbar_profile_highlighted.png */,
				9A5A865F1C58C7EB000E0390 /* tabbar_profile_highlighted@2x.png */,
				9A5A86601C58C7EB000E0390 /* tabbar_profile_selected.png */,
				9A5A86611C58C7EB000E0390 /* tabbar_profile_selected@2x.png */,
				9A5A86621C58C7EB000E0390 /* tabbar_profile.png */,
				9A5A86631C58C7EB000E0390 /* tabbar_profile@2x.png */,
			);
			name = image;
			sourceTree = "<group>";
		};
		9A6ACD9F1C58D03B007F69B0 /* Other */ = {
			isa = PBXGroup;
			children = (
				9A6ACDA61C58D1A8007F69B0 /* Macro */,
				9A6ACDA01C58D052007F69B0 /* Setting */,
			);
			name = Other;
			sourceTree = "<group>";
		};
		9A6ACDA01C58D052007F69B0 /* Setting */ = {
			isa = PBXGroup;
			children = (
				9A6ACDA11C58D080007F69B0 /* Theme */,
			);
			name = Setting;
			sourceTree = "<group>";
		};
		9A6ACDA11C58D080007F69B0 /* Theme */ = {
			isa = PBXGroup;
			children = (
				9A6ACDA21C58D09F007F69B0 /* ThemeManager.h */,
				9A6ACDA31C58D09F007F69B0 /* ThemeManager.m */,
				9AC325E61C59B45C0016CBBC /* ThemeTabBarItem.h */,
				9AC325E71C59B45C0016CBBC /* ThemeTabBarItem.m */,
				9A6ABBFF1C59B8B50044A6C0 /* UIFactory.h */,
				9A6ABC001C59B8B50044A6C0 /* UIFactory.m */,
			);
			name = Theme;
			sourceTree = "<group>";
		};
		9A6ACDA61C58D1A8007F69B0 /* Macro */ = {
			isa = PBXGroup;
			children = (
				9AC325E51C59B3220016CBBC /* NotificationMacro.h */,
			);
			name = Macro;
			sourceTree = "<group>";
		};
		9A6ACDA71C58D24F007F69B0 /* plist */ = {
			isa = PBXGroup;
			children = (
				9A6ACDA81C58D29C007F69B0 /* theme.plist */,
			);
			name = plist;
			sourceTree = "<group>";
		};
		9A6C87891C58BF22003C819A = {
			isa = PBXGroup;
			children = (
				9A6C87941C58BF22003C819A /* ThemeSkinSetupExample */,
				9A6C87AE1C58BF22003C819A /* ThemeSkinSetupExampleTests */,
				9A6C87B91C58BF22003C819A /* ThemeSkinSetupExampleUITests */,
				9A6C87931C58BF22003C819A /* Products */,
			);
			sourceTree = "<group>";
		};
		9A6C87931C58BF22003C819A /* Products */ = {
			isa = PBXGroup;
			children = (
				9A6C87921C58BF22003C819A /* ThemeSkinSetupExample.app */,
				9A6C87AB1C58BF22003C819A /* ThemeSkinSetupExampleTests.xctest */,
				9A6C87B61C58BF22003C819A /* ThemeSkinSetupExampleUITests.xctest */,
			);
			name = Products;
			sourceTree = "<group>";
		};
		9A6C87941C58BF22003C819A /* ThemeSkinSetupExample */ = {
			isa = PBXGroup;
			children = (
				9A6ACD9D1C58CF3C007F69B0 /* README */,
				9A6C87C81C58BF3F003C819A /* Main */,
				9A6C87C91C58BF57003C819A /* ViewController */,
				9A6ACD9F1C58D03B007F69B0 /* Other */,
				9A5A86481C58C59A000E0390 /* Resource */,
				9A6C87A11C58BF22003C819A /* Assets.xcassets */,
				9A6C87A61C58BF22003C819A /* Info.plist */,
				9A6C87951C58BF22003C819A /* Supporting Files */,
			);
			path = ThemeSkinSetupExample;
			sourceTree = "<group>";
		};
		9A6C87951C58BF22003C819A /* Supporting Files */ = {
			isa = PBXGroup;
			children = (
				9A6C87961C58BF22003C819A /* main.m */,
			);
			name = "Supporting Files";
			sourceTree = "<group>";
		};
		9A6C87AE1C58BF22003C819A /* ThemeSkinSetupExampleTests */ = {
			isa = PBXGroup;
			children = (
				9A6C87AF1C58BF22003C819A /* ThemeSkinSetupExampleTests.m */,
				9A6C87B11C58BF22003C819A /* Info.plist */,
			);
			path = ThemeSkinSetupExampleTests;
			sourceTree = "<group>";
		};
		9A6C87B91C58BF22003C819A /* ThemeSkinSetupExampleUITests */ = {
			isa = PBXGroup;
			children = (
				9A6C87BA1C58BF22003C819A /* ThemeSkinSetupExampleUITests.m */,
				9A6C87BC1C58BF22003C819A /* Info.plist */,
			);
			path = ThemeSkinSetupExampleUITests;
			sourceTree = "<group>";
		};
		9A6C87C81C58BF3F003C819A /* Main */ = {
			isa = PBXGroup;
			children = (
				9A6C87981C58BF22003C819A /* AppDelegate.h */,
				9A6C87991C58BF22003C819A /* AppDelegate.m */,
				9A6C87E51C58C146003C819A /* MainViewController.h */,
				9A6C87E61C58C146003C819A /* MainViewController.m */,
				9A6C87A31C58BF22003C819A /* LaunchScreen.storyboard */,
				9A6C879E1C58BF22003C819A /* Main.storyboard */,
			);
			name = Main;
			sourceTree = "<group>";
		};
		9A6C87C91C58BF57003C819A /* ViewController */ = {
			isa = PBXGroup;
			children = (
				9A6C87CA1C58BF95003C819A /* BaseViewController.h */,
				9A6C87CB1C58BF95003C819A /* BaseViewController.m */,
				9A6C87CD1C58BFA3003C819A /* Home */,
				9A6C87CE1C58BFAD003C819A /* Message */,
				9A6C87CF1C58BFD5003C819A /* Mine */,
			);
			name = ViewController;
			sourceTree = "<group>";
		};
		9A6C87CD1C58BFA3003C819A /* Home */ = {
			isa = PBXGroup;
			children = (
				9A6C87D11C58C01F003C819A /* HomeViewController.h */,
				9A6C87D21C58C01F003C819A /* HomeViewController.m */,
				9A6C87D31C58C01F003C819A /* HomeViewController.xib */,
			);
			name = Home;
			sourceTree = "<group>";
		};
		9A6C87CE1C58BFAD003C819A /* Message */ = {
			isa = PBXGroup;
			children = (
				9A6C87D61C58C032003C819A /* MessageViewController.h */,
				9A6C87D71C58C032003C819A /* MessageViewController.m */,
				9A6C87D81C58C032003C819A /* MessageViewController.xib */,
			);
			name = Message;
			sourceTree = "<group>";
		};
		9A6C87CF1C58BFD5003C819A /* Mine */ = {
			isa = PBXGroup;
			children = (
				9A6C87E01C58C053003C819A /* MineViewController.h */,
				9A6C87E11C58C053003C819A /* MineViewController.m */,
				9A6C87E21C58C053003C819A /* MineViewController.xib */,
			);
			name = Mine;
			sourceTree = "<group>";
		};
/* End PBXGroup section */

/* Begin PBXNativeTarget section */
		9A6C87911C58BF22003C819A /* ThemeSkinSetupExample */ = {
			isa = PBXNativeTarget;
			buildConfigurationList = 9A6C87BF1C58BF22003C819A /* Build configuration list for PBXNativeTarget "ThemeSkinSetupExample" */;
			buildPhases = (
				9A6C878E1C58BF22003C819A /* Sources */,
				9A6C878F1C58BF22003C819A /* Frameworks */,
				9A6C87901C58BF22003C819A /* Resources */,
			);
			buildRules = (
			);
			dependencies = (
			);
			name = ThemeSkinSetupExample;
			productName = ThemeSkinSetupExample;
			productReference = 9A6C87921C58BF22003C819A /* ThemeSkinSetupExample.app */;
			productType = "com.apple.product-type.application";
		};
		9A6C87AA1C58BF22003C819A /* ThemeSkinSetupExampleTests */ = {
			isa = PBXNativeTarget;
			buildConfigurationList = 9A6C87C21C58BF22003C819A /* Build configuration list for PBXNativeTarget "ThemeSkinSetupExampleTests" */;
			buildPhases = (
				9A6C87A71C58BF22003C819A /* Sources */,
				9A6C87A81C58BF22003C819A /* Frameworks */,
				9A6C87A91C58BF22003C819A /* Resources */,
			);
			buildRules = (
			);
			dependencies = (
				9A6C87AD1C58BF22003C819A /* PBXTargetDependency */,
			);
			name = ThemeSkinSetupExampleTests;
			productName = ThemeSkinSetupExampleTests;
			productReference = 9A6C87AB1C58BF22003C819A /* ThemeSkinSetupExampleTests.xctest */;
			productType = "com.apple.product-type.bundle.unit-test";
		};
		9A6C87B51C58BF22003C819A /* ThemeSkinSetupExampleUITests */ = {
			isa = PBXNativeTarget;
			buildConfigurationList = 9A6C87C51C58BF22003C819A /* Build configuration list for PBXNativeTarget "ThemeSkinSetupExampleUITests" */;
			buildPhases = (
				9A6C87B21C58BF22003C819A /* Sources */,
				9A6C87B31C58BF22003C819A /* Frameworks */,
				9A6C87B41C58BF22003C819A /* Resources */,
			);
			buildRules = (
			);
			dependencies = (
				9A6C87B81C58BF22003C819A /* PBXTargetDependency */,
			);
			name = ThemeSkinSetupExampleUITests;
			productName = ThemeSkinSetupExampleUITests;
			productReference = 9A6C87B61C58BF22003C819A /* ThemeSkinSetupExampleUITests.xctest */;
			productType = "com.apple.product-type.bundle.ui-testing";
		};
/* End PBXNativeTarget section */

/* Begin PBXProject section */
		9A6C878A1C58BF22003C819A /* Project object */ = {
			isa = PBXProject;
			attributes = {
				LastUpgradeCheck = 0720;
				TargetAttributes = {
					9A6C87911C58BF22003C819A = {
						CreatedOnToolsVersion = 7.2;
						DevelopmentTeam = 7223RL7X44;
					};
					9A6C87AA1C58BF22003C819A = {
						CreatedOnToolsVersion = 7.2;
						TestTargetID = 9A6C87911C58BF22003C819A;
					};
					9A6C87B51C58BF22003C819A = {
						CreatedOnToolsVersion = 7.2;
						TestTargetID = 9A6C87911C58BF22003C819A;
					};
				};
			};
			buildConfigurationList = 9A6C878D1C58BF22003C819A /* Build configuration list for PBXProject "ThemeSkinSetupExample" */;
			compatibilityVersion = "Xcode 3.2";
			developmentRegion = English;
			hasScannedForEncodings = 0;
			knownRegions = (
				en,
				Base,
			);
			mainGroup = 9A6C87891C58BF22003C819A;
			productRefGroup = 9A6C87931C58BF22003C819A /* Products */;
			projectDirPath = "";
			projectRoot = "";
			targets = (
				9A6C87911C58BF22003C819A /* ThemeSkinSetupExample */,
				9A6C87AA1C58BF22003C819A /* ThemeSkinSetupExampleTests */,
				9A6C87B51C58BF22003C819A /* ThemeSkinSetupExampleUITests */,
			);
		};
/* End PBXProject section */

/* Begin PBXResourcesBuildPhase section */
		9A6C87901C58BF22003C819A /* Resources */ = {
			isa = PBXResourcesBuildPhase;
			buildActionMask = 2147483647;
			files = (
				9A5A86681C58C7EB000E0390 /* tabbar_discover.png in Resources */,
				9A5A86771C58C7EB000E0390 /* tabbar_profile_highlighted@2x.png in Resources */,
				9A5A866D1C58C7EB000E0390 /* tabbar_home_selected@2x.png in Resources */,
				9A5A867B1C58C7EB000E0390 /* tabbar_profile@2x.png in Resources */,
				9A6C87A51C58BF22003C819A /* LaunchScreen.storyboard in Resources */,
				9A6C87E41C58C053003C819A /* MineViewController.xib in Resources */,
				9A5A86671C58C7EB000E0390 /* tabbar_discover_selected@2x.png in Resources */,
				9A5A86721C58C7EB000E0390 /* tabbar_message_center_selected.png in Resources */,
				9A5A86651C58C7EB000E0390 /* tabbar_discover_highlighted@2x.png in Resources */,
				9A6C87DA1C58C032003C819A /* MessageViewController.xib in Resources */,
				9A5A866A1C58C7EB000E0390 /* tabbar_home_highlighted.png in Resources */,
				9A6ABC061C59BE380044A6C0 /* navigationbar_background.png in Resources */,
				9A5A86781C58C7EB000E0390 /* tabbar_profile_selected.png in Resources */,
				9A6ABC091C59BE380044A6C0 /* tabbar_background@2x.png in Resources */,
				9A5A86731C58C7EB000E0390 /* tabbar_message_center_selected@2x.png in Resources */,
				9A5A867D1C58C97F000E0390 /* Skins in Resources */,
				9A5A866C1C58C7EB000E0390 /* tabbar_home_selected.png in Resources */,
				9A5A86741C58C7EB000E0390 /* tabbar_message_center.png in Resources */,
				9A5A866F1C58C7EB000E0390 /* tabbar_home@2x.png in Resources */,
				9A6ABC071C59BE380044A6C0 /* navigationbar_background@2x.png in Resources */,
				9A6ABC081C59BE380044A6C0 /* tabbar_background.png in Resources */,
				9A5A86641C58C7EB000E0390 /* tabbar_discover_highlighted.png in Resources */,
				9A5A86701C58C7EB000E0390 /* tabbar_message_center_highlighted.png in Resources */,
				9A5A86691C58C7EB000E0390 /* tabbar_discover@2x.png in Resources */,
				9AF9ED151DBDE92800D52CED /* ScreenShot in Resources */,
				9A6ACD9E1C58CF3C007F69B0 /* README in Resources */,
				9A5A86761C58C7EB000E0390 /* tabbar_profile_highlighted.png in Resources */,
				9A6C87A21C58BF22003C819A /* Assets.xcassets in Resources */,
				9A5A867A1C58C7EB000E0390 /* tabbar_profile.png in Resources */,
				9A6C87A01C58BF22003C819A /* Main.storyboard in Resources */,
				9A6C87D51C58C01F003C819A /* HomeViewController.xib in Resources */,
				9A5A86791C58C7EB000E0390 /* tabbar_profile_selected@2x.png in Resources */,
				9A5A86751C58C7EB000E0390 /* tabbar_message_center@2x.png in Resources */,
				9A6ACDA91C58D29C007F69B0 /* theme.plist in Resources */,
				9A5A866B1C58C7EB000E0390 /* tabbar_home_highlighted@2x.png in Resources */,
				9A5A866E1C58C7EB000E0390 /* tabbar_home.png in Resources */,
				9A5A86711C58C7EB000E0390 /* tabbar_message_center_highlighted@2x.png in Resources */,
				9A5A86661C58C7EB000E0390 /* tabbar_discover_selected.png in Resources */,
			);
			runOnlyForDeploymentPostprocessing = 0;
		};
		9A6C87A91C58BF22003C819A /* Resources */ = {
			isa = PBXResourcesBuildPhase;
			buildActionMask = 2147483647;
			files = (
			);
			runOnlyForDeploymentPostprocessing = 0;
		};
		9A6C87B41C58BF22003C819A /* Resources */ = {
			isa = PBXResourcesBuildPhase;
			buildActionMask = 2147483647;
			files = (
			);
			runOnlyForDeploymentPostprocessing = 0;
		};
/* End PBXResourcesBuildPhase section */

/* Begin PBXSourcesBuildPhase section */
		9A6C878E1C58BF22003C819A /* Sources */ = {
			isa = PBXSourcesBuildPhase;
			buildActionMask = 2147483647;
			files = (
				9A6C87D91C58C032003C819A /* MessageViewController.m in Sources */,
				9AC325E81C59B45C0016CBBC /* ThemeTabBarItem.m in Sources */,
				9A6ABC011C59B8B50044A6C0 /* UIFactory.m in Sources */,
				9A6C87CC1C58BF95003C819A /* BaseViewController.m in Sources */,
				9A6C87E71C58C146003C819A /* MainViewController.m in Sources */,
				9A6C879A1C58BF22003C819A /* AppDelegate.m in Sources */,
				9A6C87D41C58C01F003C819A /* HomeViewController.m in Sources */,
				9A6C87971C58BF22003C819A /* main.m in Sources */,
				9A6C87E31C58C053003C819A /* MineViewController.m in Sources */,
				9A6ACDA41C58D09F007F69B0 /* ThemeManager.m in Sources */,
			);
			runOnlyForDeploymentPostprocessing = 0;
		};
		9A6C87A71C58BF22003C819A /* Sources */ = {
			isa = PBXSourcesBuildPhase;
			buildActionMask = 2147483647;
			files = (
				9A6C87B01C58BF22003C819A /* ThemeSkinSetupExampleTests.m in Sources */,
			);
			runOnlyForDeploymentPostprocessing = 0;
		};
		9A6C87B21C58BF22003C819A /* Sources */ = {
			isa = PBXSourcesBuildPhase;
			buildActionMask = 2147483647;
			files = (
				9A6C87BB1C58BF22003C819A /* ThemeSkinSetupExampleUITests.m in Sources */,
			);
			runOnlyForDeploymentPostprocessing = 0;
		};
/* End PBXSourcesBuildPhase section */

/* Begin PBXTargetDependency section */
		9A6C87AD1C58BF22003C819A /* PBXTargetDependency */ = {
			isa = PBXTargetDependency;
			target = 9A6C87911C58BF22003C819A /* ThemeSkinSetupExample */;
			targetProxy = 9A6C87AC1C58BF22003C819A /* PBXContainerItemProxy */;
		};
		9A6C87B81C58BF22003C819A /* PBXTargetDependency */ = {
			isa = PBXTargetDependency;
			target = 9A6C87911C58BF22003C819A /* ThemeSkinSetupExample */;
			targetProxy = 9A6C87B71C58BF22003C819A /* PBXContainerItemProxy */;
		};
/* End PBXTargetDependency section */

/* Begin PBXVariantGroup section */
		9A6C879E1C58BF22003C819A /* Main.storyboard */ = {
			isa = PBXVariantGroup;
			children = (
				9A6C879F1C58BF22003C819A /* Base */,
			);
			name = Main.storyboard;
			sourceTree = "<group>";
		};
		9A6C87A31C58BF22003C819A /* LaunchScreen.storyboard */ = {
			isa = PBXVariantGroup;
			children = (
				9A6C87A41C58BF22003C819A /* Base */,
			);
			name = LaunchScreen.storyboard;
			sourceTree = "<group>";
		};
/* End PBXVariantGroup section */

/* Begin XCBuildConfiguration section */
		9A6C87BD1C58BF22003C819A /* Debug */ = {
			isa = XCBuildConfiguration;
			buildSettings = {
				ALWAYS_SEARCH_USER_PATHS = NO;
				CLANG_CXX_LANGUAGE_STANDARD = "gnu++0x";
				CLANG_CXX_LIBRARY = "libc++";
				CLANG_ENABLE_MODULES = YES;
				CLANG_ENABLE_OBJC_ARC = YES;
				CLANG_WARN_BOOL_CONVERSION = YES;
				CLANG_WARN_CONSTANT_CONVERSION = YES;
				CLANG_WARN_DIRECT_OBJC_ISA_USAGE = YES_ERROR;
				CLANG_WARN_EMPTY_BODY = YES;
				CLANG_WARN_ENUM_CONVERSION = YES;
				CLANG_WARN_INT_CONVERSION = YES;
				CLANG_WARN_OBJC_ROOT_CLASS = YES_ERROR;
				CLANG_WARN_UNREACHABLE_CODE = YES;
				CLANG_WARN__DUPLICATE_METHOD_MATCH = YES;
				"CODE_SIGN_IDENTITY[sdk=iphoneos*]" = "iPhone Developer";
				COPY_PHASE_STRIP = NO;
				DEBUG_INFORMATION_FORMAT = dwarf;
				ENABLE_STRICT_OBJC_MSGSEND = YES;
				ENABLE_TESTABILITY = YES;
				GCC_C_LANGUAGE_STANDARD = gnu99;
				GCC_DYNAMIC_NO_PIC = NO;
				GCC_NO_COMMON_BLOCKS = YES;
				GCC_OPTIMIZATION_LEVEL = 0;
				GCC_PREPROCESSOR_DEFINITIONS = (
					"DEBUG=1",
					"$(inherited)",
				);
				GCC_WARN_64_TO_32_BIT_CONVERSION = YES;
				GCC_WARN_ABOUT_RETURN_TYPE = YES_ERROR;
				GCC_WARN_UNDECLARED_SELECTOR = YES;
				GCC_WARN_UNINITIALIZED_AUTOS = YES_AGGRESSIVE;
				GCC_WARN_UNUSED_FUNCTION = YES;
				GCC_WARN_UNUSED_VARIABLE = YES;
				IPHONEOS_DEPLOYMENT_TARGET = 9.2;
				MTL_ENABLE_DEBUG_INFO = YES;
				ONLY_ACTIVE_ARCH = YES;
				SDKROOT = iphoneos;
			};
			name = Debug;
		};
		9A6C87BE1C58BF22003C819A /* Release */ = {
			isa = XCBuildConfiguration;
			buildSettings = {
				ALWAYS_SEARCH_USER_PATHS = NO;
				CLANG_CXX_LANGUAGE_STANDARD = "gnu++0x";
				CLANG_CXX_LIBRARY = "libc++";
				CLANG_ENABLE_MODULES = YES;
				CLANG_ENABLE_OBJC_ARC = YES;
				CLANG_WARN_BOOL_CONVERSION = YES;
				CLANG_WARN_CONSTANT_CONVERSION = YES;
				CLANG_WARN_DIRECT_OBJC_ISA_USAGE = YES_ERROR;
				CLANG_WARN_EMPTY_BODY = YES;
				CLANG_WARN_ENUM_CONVERSION = YES;
				CLANG_WARN_INT_CONVERSION = YES;
				CLANG_WARN_OBJC_ROOT_CLASS = YES_ERROR;
				CLANG_WARN_UNREACHABLE_CODE = YES;
				CLANG_WARN__DUPLICATE_METHOD_MATCH = YES;
				"CODE_SIGN_IDENTITY[sdk=iphoneos*]" = "iPhone Developer";
				COPY_PHASE_STRIP = NO;
				DEBUG_INFORMATION_FORMAT = "dwarf-with-dsym";
				ENABLE_NS_ASSERTIONS = NO;
				ENABLE_STRICT_OBJC_MSGSEND = YES;
				GCC_C_LANGUAGE_STANDARD = gnu99;
				GCC_NO_COMMON_BLOCKS = YES;
				GCC_WARN_64_TO_32_BIT_CONVERSION = YES;
				GCC_WARN_ABOUT_RETURN_TYPE = YES_ERROR;
				GCC_WARN_UNDECLARED_SELECTOR = YES;
				GCC_WARN_UNINITIALIZED_AUTOS = YES_AGGRESSIVE;
				GCC_WARN_UNUSED_FUNCTION = YES;
				GCC_WARN_UNUSED_VARIABLE = YES;
				IPHONEOS_DEPLOYMENT_TARGET = 9.2;
				MTL_ENABLE_DEBUG_INFO = NO;
				SDKROOT = iphoneos;
				VALIDATE_PRODUCT = YES;
			};
			name = Release;
		};
		9A6C87C01C58BF22003C819A /* Debug */ = {
			isa = XCBuildConfiguration;
			buildSettings = {
				ASSETCATALOG_COMPILER_APPICON_NAME = AppIcon;
				DEVELOPMENT_TEAM = 7223RL7X44;
				INFOPLIST_FILE = ThemeSkinSetupExample/Info.plist;
				LD_RUNPATH_SEARCH_PATHS = "$(inherited) @executable_path/Frameworks";
				PRODUCT_BUNDLE_IDENTIFIER = com.vbirdbest.ThemeSkinSetupExample;
				PRODUCT_NAME = "$(TARGET_NAME)";
			};
			name = Debug;
		};
		9A6C87C11C58BF22003C819A /* Release */ = {
			isa = XCBuildConfiguration;
			buildSettings = {
				ASSETCATALOG_COMPILER_APPICON_NAME = AppIcon;
				DEVELOPMENT_TEAM = 7223RL7X44;
				INFOPLIST_FILE = ThemeSkinSetupExample/Info.plist;
				LD_RUNPATH_SEARCH_PATHS = "$(inherited) @executable_path/Frameworks";
				PRODUCT_BUNDLE_IDENTIFIER = com.vbirdbest.ThemeSkinSetupExample;
				PRODUCT_NAME = "$(TARGET_NAME)";
			};
			name = Release;
		};
		9A6C87C31C58BF22003C819A /* Debug */ = {
			isa = XCBuildConfiguration;
			buildSettings = {
				BUNDLE_LOADER = "$(TEST_HOST)";
				INFOPLIST_FILE = ThemeSkinSetupExampleTests/Info.plist;
				LD_RUNPATH_SEARCH_PATHS = "$(inherited) @executable_path/Frameworks @loader_path/Frameworks";
				PRODUCT_BUNDLE_IDENTIFIER = com.vbirdbest.ThemeSkinSetupExampleTests;
				PRODUCT_NAME = "$(TARGET_NAME)";
				TEST_HOST = "$(BUILT_PRODUCTS_DIR)/ThemeSkinSetupExample.app/ThemeSkinSetupExample";
			};
			name = Debug;
		};
		9A6C87C41C58BF22003C819A /* Release */ = {
			isa = XCBuildConfiguration;
			buildSettings = {
				BUNDLE_LOADER = "$(TEST_HOST)";
				INFOPLIST_FILE = ThemeSkinSetupExampleTests/Info.plist;
				LD_RUNPATH_SEARCH_PATHS = "$(inherited) @executable_path/Frameworks @loader_path/Frameworks";
				PRODUCT_BUNDLE_IDENTIFIER = com.vbirdbest.ThemeSkinSetupExampleTests;
				PRODUCT_NAME = "$(TARGET_NAME)";
				TEST_HOST = "$(BUILT_PRODUCTS_DIR)/ThemeSkinSetupExample.app/ThemeSkinSetupExample";
			};
			name = Release;
		};
		9A6C87C61C58BF22003C819A /* Debug */ = {
			isa = XCBuildConfiguration;
			buildSettings = {
				INFOPLIST_FILE = ThemeSkinSetupExampleUITests/Info.plist;
				LD_RUNPATH_SEARCH_PATHS = "$(inherited) @executable_path/Frameworks @loader_path/Frameworks";
				PRODUCT_BUNDLE_IDENTIFIER = com.vbirdbest.ThemeSkinSetupExampleUITests;
				PRODUCT_NAME = "$(TARGET_NAME)";
				TEST_TARGET_NAME = ThemeSkinSetupExample;
				USES_XCTRUNNER = YES;
			};
			name = Debug;
		};
		9A6C87C71C58BF22003C819A /* Release */ = {
			isa = XCBuildConfiguration;
			buildSettings = {
				INFOPLIST_FILE = ThemeSkinSetupExampleUITests/Info.plist;
				LD_RUNPATH_SEARCH_PATHS = "$(inherited) @executable_path/Frameworks @loader_path/Frameworks";
				PRODUCT_BUNDLE_IDENTIFIER = com.vbirdbest.ThemeSkinSetupExampleUITests;
				PRODUCT_NAME = "$(TARGET_NAME)";
				TEST_TARGET_NAME = ThemeSkinSetupExample;
				USES_XCTRUNNER = YES;
			};
			name = Release;
		};
/* End XCBuildConfiguration section */

/* Begin XCConfigurationList section */
		9A6C878D1C58BF22003C819A /* Build configuration list for PBXProject "ThemeSkinSetupExample" */ = {
			isa = XCConfigurationList;
			buildConfigurations = (
				9A6C87BD1C58BF22003C819A /* Debug */,
				9A6C87BE1C58BF22003C819A /* Release */,
			);
			defaultConfigurationIsVisible = 0;
			defaultConfigurationName = Release;
		};
		9A6C87BF1C58BF22003C819A /* Build configuration list for PBXNativeTarget "ThemeSkinSetupExample" */ = {
			isa = XCConfigurationList;
			buildConfigurations = (
				9A6C87C01C58BF22003C819A /* Debug */,
				9A6C87C11C58BF22003C819A /* Release */,
			);
			defaultConfigurationIsVisible = 0;
			defaultConfigurationName = Release;
		};
		9A6C87C21C58BF22003C819A /* Build configuration list for PBXNativeTarget "ThemeSkinSetupExampleTests" */ = {
			isa = XCConfigurationList;
			buildConfigurations = (
				9A6C87C31C58BF22003C819A /* Debug */,
				9A6C87C41C58BF22003C819A /* Release */,
			);
			defaultConfigurationIsVisible = 0;
			defaultConfigurationName = Release;
		};
		9A6C87C51C58BF22003C819A /* Build configuration list for PBXNativeTarget "ThemeSkinSetupExampleUITests" */ = {
			isa = XCConfigurationList;
			buildConfigurations = (
				9A6C87C61C58BF22003C819A /* Debug */,
				9A6C87C71C58BF22003C819A /* Release */,
			);
			defaultConfigurationIsVisible = 0;
			defaultConfigurationName = Release;
		};
/* End XCConfigurationList section */
	};
	rootObject = 9A6C878A1C58BF22003C819A /* Project object */;
}
