// !$*UTF8*$!
{
	archiveVersion = 1;
	classes = {
	};
	objectVersion = 48;
	objects = {

/* Begin PBXBuildFile section */
		CD1A91E120451F0F00A0BFAC /* AppDelegate.m in Sources */ = {isa = PBXBuildFile; fileRef = CD1A91E020451F0F00A0BFAC /* AppDelegate.m */; };
		CD1A91E420451F0F00A0BFAC /* ViewController.m in Sources */ = {isa = PBXBuildFile; fileRef = CD1A91E320451F0F00A0BFAC /* ViewController.m */; };
		CD1A91E720451F0F00A0BFAC /* Main.storyboard in Resources */ = {isa = PBXBuildFile; fileRef = CD1A91E520451F0F00A0BFAC /* Main.storyboard */; };
		CD1A91E920451F0F00A0BFAC /* Assets.xcassets in Resources */ = {isa = PBXBuildFile; fileRef = CD1A91E820451F0F00A0BFAC /* Assets.xcassets */; };
		CD1A91EC20451F0F00A0BFAC /* LaunchScreen.storyboard in Resources */ = {isa = PBXBuildFile; fileRef = CD1A91EA20451F0F00A0BFAC /* LaunchScreen.storyboard */; };
		CD1A91EF20451F0F00A0BFAC /* main.m in Sources */ = {isa = PBXBuildFile; fileRef = CD1A91EE20451F0F00A0BFAC /* main.m */; };
		CD1A91F920451F0F00A0BFAC /* AppSwitchThemeTests.m in Sources */ = {isa = PBXBuildFile; fileRef = CD1A91F820451F0F00A0BFAC /* AppSwitchThemeTests.m */; };
		CD1A920420451F0F00A0BFAC /* AppSwitchThemeUITests.m in Sources */ = {isa = PBXBuildFile; fileRef = CD1A920320451F0F00A0BFAC /* AppSwitchThemeUITests.m */; };
		CD1A921720451F5300A0BFAC /* BaseNavigationController.m in Sources */ = {isa = PBXBuildFile; fileRef = CD1A921120451F5200A0BFAC /* BaseNavigationController.m */; };
		CD1A921820451F5300A0BFAC /* RootTabBarController.m in Sources */ = {isa = PBXBuildFile; fileRef = CD1A921520451F5300A0BFAC /* RootTabBarController.m */; };
		CD1A921920451F5300A0BFAC /* SwitchThemeController.m in Sources */ = {isa = PBXBuildFile; fileRef = CD1A921620451F5300A0BFAC /* SwitchThemeController.m */; };
		CDF47BE120452BFF00059B41 /* SkinColors.plist in Resources */ = {isa = PBXBuildFile; fileRef = CDF47BCC20452BFE00059B41 /* SkinColors.plist */; };
		CDF47BE220452BFF00059B41 /* ThemeManager.m in Sources */ = {isa = PBXBuildFile; fileRef = CDF47BCD20452BFF00059B41 /* ThemeManager.m */; };
		CDF47BE320452BFF00059B41 /* UIView+Theme.m in Sources */ = {isa = PBXBuildFile; fileRef = CDF47BD120452BFF00059B41 /* UIView+Theme.m */; };
		CDF47BE420452BFF00059B41 /* UIImage+KIAdditions.m in Sources */ = {isa = PBXBuildFile; fileRef = CDF47BD220452BFF00059B41 /* UIImage+KIAdditions.m */; };
		CDF47BE520452BFF00059B41 /* UISearchBar+Theme.m in Sources */ = {isa = PBXBuildFile; fileRef = CDF47BD320452BFF00059B41 /* UISearchBar+Theme.m */; };
		CDF47BE620452BFF00059B41 /* UIColor+KIAdditions.m in Sources */ = {isa = PBXBuildFile; fileRef = CDF47BD420452BFF00059B41 /* UIColor+KIAdditions.m */; };
		CDF47BE720452BFF00059B41 /* UILabel+Theme.m in Sources */ = {isa = PBXBuildFile; fileRef = CDF47BD520452BFF00059B41 /* UILabel+Theme.m */; };
		CDF47BE820452BFF00059B41 /* UIButton+Theme.m in Sources */ = {isa = PBXBuildFile; fileRef = CDF47BDC20452BFF00059B41 /* UIButton+Theme.m */; };
		CDF47BE920452BFF00059B41 /* NSObject+DeallocBlock.m in Sources */ = {isa = PBXBuildFile; fileRef = CDF47BDF20452BFF00059B41 /* NSObject+DeallocBlock.m */; };
		CDF47BF220454B8800059B41 /* MMNavigationController.m in Sources */ = {isa = PBXBuildFile; fileRef = CDF47BEA20454B8700059B41 /* MMNavigationController.m */; };
		CDF47BF320454B8800059B41 /* MMSkinViewController.m in Sources */ = {isa = PBXBuildFile; fileRef = CDF47BEC20454B8800059B41 /* MMSkinViewController.m */; };
		CDF47BF420454B8800059B41 /* MMTabBarController.m in Sources */ = {isa = PBXBuildFile; fileRef = CDF47BED20454B8800059B41 /* MMTabBarController.m */; };
		CDF47BFE20454C0400059B41 /* MMTabBar.m in Sources */ = {isa = PBXBuildFile; fileRef = CDF47BF620454C0300059B41 /* MMTabBar.m */; };
		CDF47BFF20454C0400059B41 /* NSObject+MMSkinManager.m in Sources */ = {isa = PBXBuildFile; fileRef = CDF47BF720454C0400059B41 /* NSObject+MMSkinManager.m */; };
		CDF47C0020454C0400059B41 /* UIView+MMExtension.m in Sources */ = {isa = PBXBuildFile; fileRef = CDF47BF920454C0400059B41 /* UIView+MMExtension.m */; };
		CDF47C0120454C0400059B41 /* MMShineManager.m in Sources */ = {isa = PBXBuildFile; fileRef = CDF47BFA20454C0400059B41 /* MMShineManager.m */; };
		CDF47C0420454C2800059B41 /* AppTheme.bundle in Resources */ = {isa = PBXBuildFile; fileRef = CDF47C0320454C2800059B41 /* AppTheme.bundle */; };
/* End PBXBuildFile section */

/* Begin PBXContainerItemProxy section */
		CD1A91F520451F0F00A0BFAC /* PBXContainerItemProxy */ = {
			isa = PBXContainerItemProxy;
			containerPortal = CD1A91D420451F0F00A0BFAC /* Project object */;
			proxyType = 1;
			remoteGlobalIDString = CD1A91DB20451F0F00A0BFAC;
			remoteInfo = AppSwitchTheme;
		};
		CD1A920020451F0F00A0BFAC /* PBXContainerItemProxy */ = {
			isa = PBXContainerItemProxy;
			containerPortal = CD1A91D420451F0F00A0BFAC /* Project object */;
			proxyType = 1;
			remoteGlobalIDString = CD1A91DB20451F0F00A0BFAC;
			remoteInfo = AppSwitchTheme;
		};
/* End PBXContainerItemProxy section */

/* Begin PBXFileReference section */
		CD1A91DC20451F0F00A0BFAC /* AppSwitchTheme.app */ = {isa = PBXFileReference; explicitFileType = wrapper.application; includeInIndex = 0; path = AppSwitchTheme.app; sourceTree = BUILT_PRODUCTS_DIR; };
		CD1A91DF20451F0F00A0BFAC /* AppDelegate.h */ = {isa = PBXFileReference; lastKnownFileType = sourcecode.c.h; path = AppDelegate.h; sourceTree = "<group>"; };
		CD1A91E020451F0F00A0BFAC /* AppDelegate.m */ = {isa = PBXFileReference; lastKnownFileType = sourcecode.c.objc; path = AppDelegate.m; sourceTree = "<group>"; };
		CD1A91E220451F0F00A0BFAC /* ViewController.h */ = {isa = PBXFileReference; lastKnownFileType = sourcecode.c.h; path = ViewController.h; sourceTree = "<group>"; };
		CD1A91E320451F0F00A0BFAC /* ViewController.m */ = {isa = PBXFileReference; lastKnownFileType = sourcecode.c.objc; path = ViewController.m; sourceTree = "<group>"; };
		CD1A91E620451F0F00A0BFAC /* Base */ = {isa = PBXFileReference; lastKnownFileType = file.storyboard; name = Base; path = Base.lproj/Main.storyboard; sourceTree = "<group>"; };
		CD1A91E820451F0F00A0BFAC /* Assets.xcassets */ = {isa = PBXFileReference; lastKnownFileType = folder.assetcatalog; path = Assets.xcassets; sourceTree = "<group>"; };
		CD1A91EB20451F0F00A0BFAC /* Base */ = {isa = PBXFileReference; lastKnownFileType = file.storyboard; name = Base; path = Base.lproj/LaunchScreen.storyboard; sourceTree = "<group>"; };
		CD1A91ED20451F0F00A0BFAC /* Info.plist */ = {isa = PBXFileReference; lastKnownFileType = text.plist.xml; path = Info.plist; sourceTree = "<group>"; };
		CD1A91EE20451F0F00A0BFAC /* main.m */ = {isa = PBXFileReference; lastKnownFileType = sourcecode.c.objc; path = main.m; sourceTree = "<group>"; };
		CD1A91F420451F0F00A0BFAC /* AppSwitchThemeTests.xctest */ = {isa = PBXFileReference; explicitFileType = wrapper.cfbundle; includeInIndex = 0; path = AppSwitchThemeTests.xctest; sourceTree = BUILT_PRODUCTS_DIR; };
		CD1A91F820451F0F00A0BFAC /* AppSwitchThemeTests.m */ = {isa = PBXFileReference; lastKnownFileType = sourcecode.c.objc; path = AppSwitchThemeTests.m; sourceTree = "<group>"; };
		CD1A91FA20451F0F00A0BFAC /* Info.plist */ = {isa = PBXFileReference; lastKnownFileType = text.plist.xml; path = Info.plist; sourceTree = "<group>"; };
		CD1A91FF20451F0F00A0BFAC /* AppSwitchThemeUITests.xctest */ = {isa = PBXFileReference; explicitFileType = wrapper.cfbundle; includeInIndex = 0; path = AppSwitchThemeUITests.xctest; sourceTree = BUILT_PRODUCTS_DIR; };
		CD1A920320451F0F00A0BFAC /* AppSwitchThemeUITests.m */ = {isa = PBXFileReference; lastKnownFileType = sourcecode.c.objc; path = AppSwitchThemeUITests.m; sourceTree = "<group>"; };
		CD1A920520451F0F00A0BFAC /* Info.plist */ = {isa = PBXFileReference; lastKnownFileType = text.plist.xml; path = Info.plist; sourceTree = "<group>"; };
		CD1A921120451F5200A0BFAC /* BaseNavigationController.m */ = {isa = PBXFileReference; fileEncoding = 4; lastKnownFileType = sourcecode.c.objc; path = BaseNavigationController.m; sourceTree = "<group>"; };
		CD1A921220451F5200A0BFAC /* RootTabBarController.h */ = {isa = PBXFileReference; fileEncoding = 4; lastKnownFileType = sourcecode.c.h; path = RootTabBarController.h; sourceTree = "<group>"; };
		CD1A921320451F5200A0BFAC /* BaseNavigationController.h */ = {isa = PBXFileReference; fileEncoding = 4; lastKnownFileType = sourcecode.c.h; path = BaseNavigationController.h; sourceTree = "<group>"; };
		CD1A921420451F5200A0BFAC /* SwitchThemeController.h */ = {isa = PBXFileReference; fileEncoding = 4; lastKnownFileType = sourcecode.c.h; path = SwitchThemeController.h; sourceTree = "<group>"; };
		CD1A921520451F5300A0BFAC /* RootTabBarController.m */ = {isa = PBXFileReference; fileEncoding = 4; lastKnownFileType = sourcecode.c.objc; path = RootTabBarController.m; sourceTree = "<group>"; };
		CD1A921620451F5300A0BFAC /* SwitchThemeController.m */ = {isa = PBXFileReference; fileEncoding = 4; lastKnownFileType = sourcecode.c.objc; path = SwitchThemeController.m; sourceTree = "<group>"; };
		CDF47BCC20452BFE00059B41 /* SkinColors.plist */ = {isa = PBXFileReference; fileEncoding = 4; lastKnownFileType = text.plist.xml; path = SkinColors.plist; sourceTree = "<group>"; };
		CDF47BCD20452BFF00059B41 /* ThemeManager.m */ = {isa = PBXFileReference; fileEncoding = 4; lastKnownFileType = sourcecode.c.objc; path = ThemeManager.m; sourceTree = "<group>"; };
		CDF47BCF20452BFF00059B41 /* ExtensionsHeader.h */ = {isa = PBXFileReference; fileEncoding = 4; lastKnownFileType = sourcecode.c.h; path = ExtensionsHeader.h; sourceTree = "<group>"; };
		CDF47BD120452BFF00059B41 /* UIView+Theme.m */ = {isa = PBXFileReference; fileEncoding = 4; lastKnownFileType = sourcecode.c.objc; path = "UIView+Theme.m"; sourceTree = "<group>"; };
		CDF47BD220452BFF00059B41 /* UIImage+KIAdditions.m */ = {isa = PBXFileReference; fileEncoding = 4; lastKnownFileType = sourcecode.c.objc; path = "UIImage+KIAdditions.m"; sourceTree = "<group>"; };
		CDF47BD320452BFF00059B41 /* UISearchBar+Theme.m */ = {isa = PBXFileReference; fileEncoding = 4; lastKnownFileType = sourcecode.c.objc; path = "UISearchBar+Theme.m"; sourceTree = "<group>"; };
		CDF47BD420452BFF00059B41 /* UIColor+KIAdditions.m */ = {isa = PBXFileReference; fileEncoding = 4; lastKnownFileType = sourcecode.c.objc; path = "UIColor+KIAdditions.m"; sourceTree = "<group>"; };
		CDF47BD520452BFF00059B41 /* UILabel+Theme.m */ = {isa = PBXFileReference; fileEncoding = 4; lastKnownFileType = sourcecode.c.objc; path = "UILabel+Theme.m"; sourceTree = "<group>"; };
		CDF47BD620452BFF00059B41 /* UIButton+Theme.h */ = {isa = PBXFileReference; fileEncoding = 4; lastKnownFileType = sourcecode.c.h; path = "UIButton+Theme.h"; sourceTree = "<group>"; };
		CDF47BD720452BFF00059B41 /* UIColor+KIAdditions.h */ = {isa = PBXFileReference; fileEncoding = 4; lastKnownFileType = sourcecode.c.h; path = "UIColor+KIAdditions.h"; sourceTree = "<group>"; };
		CDF47BD820452BFF00059B41 /* UISearchBar+Theme.h */ = {isa = PBXFileReference; fileEncoding = 4; lastKnownFileType = sourcecode.c.h; path = "UISearchBar+Theme.h"; sourceTree = "<group>"; };
		CDF47BD920452BFF00059B41 /* UIImage+KIAdditions.h */ = {isa = PBXFileReference; fileEncoding = 4; lastKnownFileType = sourcecode.c.h; path = "UIImage+KIAdditions.h"; sourceTree = "<group>"; };
		CDF47BDA20452BFF00059B41 /* UIView+Theme.h */ = {isa = PBXFileReference; fileEncoding = 4; lastKnownFileType = sourcecode.c.h; path = "UIView+Theme.h"; sourceTree = "<group>"; };
		CDF47BDB20452BFF00059B41 /* UILabel+Theme.h */ = {isa = PBXFileReference; fileEncoding = 4; lastKnownFileType = sourcecode.c.h; path = "UILabel+Theme.h"; sourceTree = "<group>"; };
		CDF47BDC20452BFF00059B41 /* UIButton+Theme.m */ = {isa = PBXFileReference; fileEncoding = 4; lastKnownFileType = sourcecode.c.objc; path = "UIButton+Theme.m"; sourceTree = "<group>"; };
		CDF47BDE20452BFF00059B41 /* NSObject+DeallocBlock.h */ = {isa = PBXFileReference; fileEncoding = 4; lastKnownFileType = sourcecode.c.h; path = "NSObject+DeallocBlock.h"; sourceTree = "<group>"; };
		CDF47BDF20452BFF00059B41 /* NSObject+DeallocBlock.m */ = {isa = PBXFileReference; fileEncoding = 4; lastKnownFileType = sourcecode.c.objc; path = "NSObject+DeallocBlock.m"; sourceTree = "<group>"; };
		CDF47BE020452BFF00059B41 /* ThemeManager.h */ = {isa = PBXFileReference; fileEncoding = 4; lastKnownFileType = sourcecode.c.h; path = ThemeManager.h; sourceTree = "<group>"; };
		CDF47BEA20454B8700059B41 /* MMNavigationController.m */ = {isa = PBXFileReference; fileEncoding = 4; lastKnownFileType = sourcecode.c.objc; path = MMNavigationController.m; sourceTree = "<group>"; };
		CDF47BEB20454B8700059B41 /* MMTabBarController.h */ = {isa = PBXFileReference; fileEncoding = 4; lastKnownFileType = sourcecode.c.h; path = MMTabBarController.h; sourceTree = "<group>"; };
		CDF47BEC20454B8800059B41 /* MMSkinViewController.m */ = {isa = PBXFileReference; fileEncoding = 4; lastKnownFileType = sourcecode.c.objc; path = MMSkinViewController.m; sourceTree = "<group>"; };
		CDF47BED20454B8800059B41 /* MMTabBarController.m */ = {isa = PBXFileReference; fileEncoding = 4; lastKnownFileType = sourcecode.c.objc; path = MMTabBarController.m; sourceTree = "<group>"; };
		CDF47BF020454B8800059B41 /* MMSkinViewController.h */ = {isa = PBXFileReference; fileEncoding = 4; lastKnownFileType = sourcecode.c.h; path = MMSkinViewController.h; sourceTree = "<group>"; };
		CDF47BF120454B8800059B41 /* MMNavigationController.h */ = {isa = PBXFileReference; fileEncoding = 4; lastKnownFileType = sourcecode.c.h; path = MMNavigationController.h; sourceTree = "<group>"; };
		CDF47BF620454C0300059B41 /* MMTabBar.m */ = {isa = PBXFileReference; fileEncoding = 4; lastKnownFileType = sourcecode.c.objc; path = MMTabBar.m; sourceTree = "<group>"; };
		CDF47BF720454C0400059B41 /* NSObject+MMSkinManager.m */ = {isa = PBXFileReference; fileEncoding = 4; lastKnownFileType = sourcecode.c.objc; path = "NSObject+MMSkinManager.m"; sourceTree = "<group>"; };
		CDF47BF820454C0400059B41 /* NSObject+MMSkinManager.h */ = {isa = PBXFileReference; fileEncoding = 4; lastKnownFileType = sourcecode.c.h; path = "NSObject+MMSkinManager.h"; sourceTree = "<group>"; };
		CDF47BF920454C0400059B41 /* UIView+MMExtension.m */ = {isa = PBXFileReference; fileEncoding = 4; lastKnownFileType = sourcecode.c.objc; path = "UIView+MMExtension.m"; sourceTree = "<group>"; };
		CDF47BFA20454C0400059B41 /* MMShineManager.m */ = {isa = PBXFileReference; fileEncoding = 4; lastKnownFileType = sourcecode.c.objc; path = MMShineManager.m; sourceTree = "<group>"; };
		CDF47BFB20454C0400059B41 /* MMShineManager.h */ = {isa = PBXFileReference; fileEncoding = 4; lastKnownFileType = sourcecode.c.h; path = MMShineManager.h; sourceTree = "<group>"; };
		CDF47BFC20454C0400059B41 /* UIView+MMExtension.h */ = {isa = PBXFileReference; fileEncoding = 4; lastKnownFileType = sourcecode.c.h; path = "UIView+MMExtension.h"; sourceTree = "<group>"; };
		CDF47BFD20454C0400059B41 /* MMTabBar.h */ = {isa = PBXFileReference; fileEncoding = 4; lastKnownFileType = sourcecode.c.h; path = MMTabBar.h; sourceTree = "<group>"; };
		CDF47C0320454C2800059B41 /* AppTheme.bundle */ = {isa = PBXFileReference; lastKnownFileType = "wrapper.plug-in"; path = AppTheme.bundle; sourceTree = "<group>"; };
/* End PBXFileReference section */

/* Begin PBXFrameworksBuildPhase section */
		CD1A91D920451F0F00A0BFAC /* Frameworks */ = {
			isa = PBXFrameworksBuildPhase;
			buildActionMask = 2147483647;
			files = (
			);
			runOnlyForDeploymentPostprocessing = 0;
		};
		CD1A91F120451F0F00A0BFAC /* Frameworks */ = {
			isa = PBXFrameworksBuildPhase;
			buildActionMask = 2147483647;
			files = (
			);
			runOnlyForDeploymentPostprocessing = 0;
		};
		CD1A91FC20451F0F00A0BFAC /* Frameworks */ = {
			isa = PBXFrameworksBuildPhase;
			buildActionMask = 2147483647;
			files = (
			);
			runOnlyForDeploymentPostprocessing = 0;
		};
/* End PBXFrameworksBuildPhase section */

/* Begin PBXGroup section */
		CD1A91D320451F0F00A0BFAC = {
			isa = PBXGroup;
			children = (
				CDF47BCA20452BFE00059B41 /* AppTheme */,
				CD1A923A2045211A00A0BFAC /* Controllers */,
				CD1A91DE20451F0F00A0BFAC /* AppSwitchTheme */,
				CD1A91F720451F0F00A0BFAC /* AppSwitchThemeTests */,
				CD1A920220451F0F00A0BFAC /* AppSwitchThemeUITests */,
				CD1A91DD20451F0F00A0BFAC /* Products */,
			);
			sourceTree = "<group>";
		};
		CD1A91DD20451F0F00A0BFAC /* Products */ = {
			isa = PBXGroup;
			children = (
				CD1A91DC20451F0F00A0BFAC /* AppSwitchTheme.app */,
				CD1A91F420451F0F00A0BFAC /* AppSwitchThemeTests.xctest */,
				CD1A91FF20451F0F00A0BFAC /* AppSwitchThemeUITests.xctest */,
			);
			name = Products;
			sourceTree = "<group>";
		};
		CD1A91DE20451F0F00A0BFAC /* AppSwitchTheme */ = {
			isa = PBXGroup;
			children = (
				CD1A91DF20451F0F00A0BFAC /* AppDelegate.h */,
				CD1A91E020451F0F00A0BFAC /* AppDelegate.m */,
				CD1A91E520451F0F00A0BFAC /* Main.storyboard */,
				CD1A91E820451F0F00A0BFAC /* Assets.xcassets */,
				CD1A91EA20451F0F00A0BFAC /* LaunchScreen.storyboard */,
				CD1A91ED20451F0F00A0BFAC /* Info.plist */,
				CD1A91EE20451F0F00A0BFAC /* main.m */,
			);
			path = AppSwitchTheme;
			sourceTree = "<group>";
		};
		CD1A91F720451F0F00A0BFAC /* AppSwitchThemeTests */ = {
			isa = PBXGroup;
			children = (
				CD1A91F820451F0F00A0BFAC /* AppSwitchThemeTests.m */,
				CD1A91FA20451F0F00A0BFAC /* Info.plist */,
			);
			path = AppSwitchThemeTests;
			sourceTree = "<group>";
		};
		CD1A920220451F0F00A0BFAC /* AppSwitchThemeUITests */ = {
			isa = PBXGroup;
			children = (
				CD1A920320451F0F00A0BFAC /* AppSwitchThemeUITests.m */,
				CD1A920520451F0F00A0BFAC /* Info.plist */,
			);
			path = AppSwitchThemeUITests;
			sourceTree = "<group>";
		};
		CD1A923A2045211A00A0BFAC /* Controllers */ = {
			isa = PBXGroup;
			children = (
				CDF47BF020454B8800059B41 /* MMSkinViewController.h */,
				CDF47BEC20454B8800059B41 /* MMSkinViewController.m */,
				CD1A923B2045217F00A0BFAC /* TabBarController */,
				CD1A923C2045219000A0BFAC /* NavigationController */,
				CD1A921420451F5200A0BFAC /* SwitchThemeController.h */,
				CD1A921620451F5300A0BFAC /* SwitchThemeController.m */,
				CD1A91E220451F0F00A0BFAC /* ViewController.h */,
				CD1A91E320451F0F00A0BFAC /* ViewController.m */,
			);
			path = Controllers;
			sourceTree = "<group>";
		};
		CD1A923B2045217F00A0BFAC /* TabBarController */ = {
			isa = PBXGroup;
			children = (
				CDF47BEB20454B8700059B41 /* MMTabBarController.h */,
				CDF47BED20454B8800059B41 /* MMTabBarController.m */,
				CD1A921220451F5200A0BFAC /* RootTabBarController.h */,
				CD1A921520451F5300A0BFAC /* RootTabBarController.m */,
			);
			path = TabBarController;
			sourceTree = "<group>";
		};
		CD1A923C2045219000A0BFAC /* NavigationController */ = {
			isa = PBXGroup;
			children = (
				CDF47BF120454B8800059B41 /* MMNavigationController.h */,
				CDF47BEA20454B8700059B41 /* MMNavigationController.m */,
				CD1A921320451F5200A0BFAC /* BaseNavigationController.h */,
				CD1A921120451F5200A0BFAC /* BaseNavigationController.m */,
			);
			path = NavigationController;
			sourceTree = "<group>";
		};
		CDF47BCA20452BFE00059B41 /* AppTheme */ = {
			isa = PBXGroup;
			children = (
				CDF47BE020452BFF00059B41 /* ThemeManager.h */,
				CDF47BCD20452BFF00059B41 /* ThemeManager.m */,
				CDF47BFB20454C0400059B41 /* MMShineManager.h */,
				CDF47BFA20454C0400059B41 /* MMShineManager.m */,
				CDF47BFD20454C0400059B41 /* MMTabBar.h */,
				CDF47BF620454C0300059B41 /* MMTabBar.m */,
				CDF47C0220454C0B00059B41 /* bundle */,
				CDF47BCB20452BFE00059B41 /* plist */,
				CDF47BCE20452BFF00059B41 /* Extensions */,
			);
			path = AppTheme;
			sourceTree = "<group>";
		};
		CDF47BCB20452BFE00059B41 /* plist */ = {
			isa = PBXGroup;
			children = (
				CDF47BCC20452BFE00059B41 /* SkinColors.plist */,
			);
			path = plist;
			sourceTree = "<group>";
		};
		CDF47BCE20452BFF00059B41 /* Extensions */ = {
			isa = PBXGroup;
			children = (
				CDF47BF820454C0400059B41 /* NSObject+MMSkinManager.h */,
				CDF47BF720454C0400059B41 /* NSObject+MMSkinManager.m */,
				CDF47BFC20454C0400059B41 /* UIView+MMExtension.h */,
				CDF47BF920454C0400059B41 /* UIView+MMExtension.m */,
				CDF47BCF20452BFF00059B41 /* ExtensionsHeader.h */,
				CDF47BD020452BFF00059B41 /* UIKit */,
				CDF47BDD20452BFF00059B41 /* NSObject */,
			);
			path = Extensions;
			sourceTree = "<group>";
		};
		CDF47BD020452BFF00059B41 /* UIKit */ = {
			isa = PBXGroup;
			children = (
				CDF47BD120452BFF00059B41 /* UIView+Theme.m */,
				CDF47BD220452BFF00059B41 /* UIImage+KIAdditions.m */,
				CDF47BD320452BFF00059B41 /* UISearchBar+Theme.m */,
				CDF47BD420452BFF00059B41 /* UIColor+KIAdditions.m */,
				CDF47BD520452BFF00059B41 /* UILabel+Theme.m */,
				CDF47BD620452BFF00059B41 /* UIButton+Theme.h */,
				CDF47BD720452BFF00059B41 /* UIColor+KIAdditions.h */,
				CDF47BD820452BFF00059B41 /* UISearchBar+Theme.h */,
				CDF47BD920452BFF00059B41 /* UIImage+KIAdditions.h */,
				CDF47BDA20452BFF00059B41 /* UIView+Theme.h */,
				CDF47BDB20452BFF00059B41 /* UILabel+Theme.h */,
				CDF47BDC20452BFF00059B41 /* UIButton+Theme.m */,
			);
			path = UIKit;
			sourceTree = "<group>";
		};
		CDF47BDD20452BFF00059B41 /* NSObject */ = {
			isa = PBXGroup;
			children = (
				CDF47BDE20452BFF00059B41 /* NSObject+DeallocBlock.h */,
				CDF47BDF20452BFF00059B41 /* NSObject+DeallocBlock.m */,
			);
			path = NSObject;
			sourceTree = "<group>";
		};
		CDF47C0220454C0B00059B41 /* bundle */ = {
			isa = PBXGroup;
			children = (
				CDF47C0320454C2800059B41 /* AppTheme.bundle */,
			);
			path = bundle;
			sourceTree = "<group>";
		};
/* End PBXGroup section */

/* Begin PBXNativeTarget section */
		CD1A91DB20451F0F00A0BFAC /* AppSwitchTheme */ = {
			isa = PBXNativeTarget;
			buildConfigurationList = CD1A920820451F0F00A0BFAC /* Build configuration list for PBXNativeTarget "AppSwitchTheme" */;
			buildPhases = (
				CD1A91D820451F0F00A0BFAC /* Sources */,
				CD1A91D920451F0F00A0BFAC /* Frameworks */,
				CD1A91DA20451F0F00A0BFAC /* Resources */,
			);
			buildRules = (
			);
			dependencies = (
			);
			name = AppSwitchTheme;
			productName = AppSwitchTheme;
			productReference = CD1A91DC20451F0F00A0BFAC /* AppSwitchTheme.app */;
			productType = "com.apple.product-type.application";
		};
		CD1A91F320451F0F00A0BFAC /* AppSwitchThemeTests */ = {
			isa = PBXNativeTarget;
			buildConfigurationList = CD1A920B20451F0F00A0BFAC /* Build configuration list for PBXNativeTarget "AppSwitchThemeTests" */;
			buildPhases = (
				CD1A91F020451F0F00A0BFAC /* Sources */,
				CD1A91F120451F0F00A0BFAC /* Frameworks */,
				CD1A91F220451F0F00A0BFAC /* Resources */,
			);
			buildRules = (
			);
			dependencies = (
				CD1A91F620451F0F00A0BFAC /* PBXTargetDependency */,
			);
			name = AppSwitchThemeTests;
			productName = AppSwitchThemeTests;
			productReference = CD1A91F420451F0F00A0BFAC /* AppSwitchThemeTests.xctest */;
			productType = "com.apple.product-type.bundle.unit-test";
		};
		CD1A91FE20451F0F00A0BFAC /* AppSwitchThemeUITests */ = {
			isa = PBXNativeTarget;
			buildConfigurationList = CD1A920E20451F0F00A0BFAC /* Build configuration list for PBXNativeTarget "AppSwitchThemeUITests" */;
			buildPhases = (
				CD1A91FB20451F0F00A0BFAC /* Sources */,
				CD1A91FC20451F0F00A0BFAC /* Frameworks */,
				CD1A91FD20451F0F00A0BFAC /* Resources */,
			);
			buildRules = (
			);
			dependencies = (
				CD1A920120451F0F00A0BFAC /* PBXTargetDependency */,
			);
			name = AppSwitchThemeUITests;
			productName = AppSwitchThemeUITests;
			productReference = CD1A91FF20451F0F00A0BFAC /* AppSwitchThemeUITests.xctest */;
			productType = "com.apple.product-type.bundle.ui-testing";
		};
/* End PBXNativeTarget section */

/* Begin PBXProject section */
		CD1A91D420451F0F00A0BFAC /* Project object */ = {
			isa = PBXProject;
			attributes = {
				LastUpgradeCheck = 0920;
				ORGANIZATIONNAME = ginlong;
				TargetAttributes = {
					CD1A91DB20451F0F00A0BFAC = {
						CreatedOnToolsVersion = 9.2;
						ProvisioningStyle = Automatic;
					};
					CD1A91F320451F0F00A0BFAC = {
						CreatedOnToolsVersion = 9.2;
						ProvisioningStyle = Automatic;
						TestTargetID = CD1A91DB20451F0F00A0BFAC;
					};
					CD1A91FE20451F0F00A0BFAC = {
						CreatedOnToolsVersion = 9.2;
						ProvisioningStyle = Automatic;
						TestTargetID = CD1A91DB20451F0F00A0BFAC;
					};
				};
			};
			buildConfigurationList = CD1A91D720451F0F00A0BFAC /* Build configuration list for PBXProject "AppSwitchTheme" */;
			compatibilityVersion = "Xcode 8.0";
			developmentRegion = en;
			hasScannedForEncodings = 0;
			knownRegions = (
				en,
				Base,
			);
			mainGroup = CD1A91D320451F0F00A0BFAC;
			productRefGroup = CD1A91DD20451F0F00A0BFAC /* Products */;
			projectDirPath = "";
			projectRoot = "";
			targets = (
				CD1A91DB20451F0F00A0BFAC /* AppSwitchTheme */,
				CD1A91F320451F0F00A0BFAC /* AppSwitchThemeTests */,
				CD1A91FE20451F0F00A0BFAC /* AppSwitchThemeUITests */,
			);
		};
/* End PBXProject section */

/* Begin PBXResourcesBuildPhase section */
		CD1A91DA20451F0F00A0BFAC /* Resources */ = {
			isa = PBXResourcesBuildPhase;
			buildActionMask = 2147483647;
			files = (
				CD1A91EC20451F0F00A0BFAC /* LaunchScreen.storyboard in Resources */,
				CDF47BE120452BFF00059B41 /* SkinColors.plist in Resources */,
				CD1A91E920451F0F00A0BFAC /* Assets.xcassets in Resources */,
				CDF47C0420454C2800059B41 /* AppTheme.bundle in Resources */,
				CD1A91E720451F0F00A0BFAC /* Main.storyboard in Resources */,
			);
			runOnlyForDeploymentPostprocessing = 0;
		};
		CD1A91F220451F0F00A0BFAC /* Resources */ = {
			isa = PBXResourcesBuildPhase;
			buildActionMask = 2147483647;
			files = (
			);
			runOnlyForDeploymentPostprocessing = 0;
		};
		CD1A91FD20451F0F00A0BFAC /* Resources */ = {
			isa = PBXResourcesBuildPhase;
			buildActionMask = 2147483647;
			files = (
			);
			runOnlyForDeploymentPostprocessing = 0;
		};
/* End PBXResourcesBuildPhase section */

/* Begin PBXSourcesBuildPhase section */
		CD1A91D820451F0F00A0BFAC /* Sources */ = {
			isa = PBXSourcesBuildPhase;
			buildActionMask = 2147483647;
			files = (
				CDF47BE920452BFF00059B41 /* NSObject+DeallocBlock.m in Sources */,
				CDF47BF420454B8800059B41 /* MMTabBarController.m in Sources */,
				CDF47BE620452BFF00059B41 /* UIColor+KIAdditions.m in Sources */,
				CDF47BE320452BFF00059B41 /* UIView+Theme.m in Sources */,
				CD1A921720451F5300A0BFAC /* BaseNavigationController.m in Sources */,
				CDF47BE220452BFF00059B41 /* ThemeManager.m in Sources */,
				CDF47BE420452BFF00059B41 /* UIImage+KIAdditions.m in Sources */,
				CDF47BF220454B8800059B41 /* MMNavigationController.m in Sources */,
				CD1A921820451F5300A0BFAC /* RootTabBarController.m in Sources */,
				CDF47C0020454C0400059B41 /* UIView+MMExtension.m in Sources */,
				CD1A91E420451F0F00A0BFAC /* ViewController.m in Sources */,
				CD1A91EF20451F0F00A0BFAC /* main.m in Sources */,
				CD1A91E120451F0F00A0BFAC /* AppDelegate.m in Sources */,
				CD1A921920451F5300A0BFAC /* SwitchThemeController.m in Sources */,
				CDF47BFE20454C0400059B41 /* MMTabBar.m in Sources */,
				CDF47BE820452BFF00059B41 /* UIButton+Theme.m in Sources */,
				CDF47BFF20454C0400059B41 /* NSObject+MMSkinManager.m in Sources */,
				CDF47BE720452BFF00059B41 /* UILabel+Theme.m in Sources */,
				CDF47BE520452BFF00059B41 /* UISearchBar+Theme.m in Sources */,
				CDF47BF320454B8800059B41 /* MMSkinViewController.m in Sources */,
				CDF47C0120454C0400059B41 /* MMShineManager.m in Sources */,
			);
			runOnlyForDeploymentPostprocessing = 0;
		};
		CD1A91F020451F0F00A0BFAC /* Sources */ = {
			isa = PBXSourcesBuildPhase;
			buildActionMask = 2147483647;
			files = (
				CD1A91F920451F0F00A0BFAC /* AppSwitchThemeTests.m in Sources */,
			);
			runOnlyForDeploymentPostprocessing = 0;
		};
		CD1A91FB20451F0F00A0BFAC /* Sources */ = {
			isa = PBXSourcesBuildPhase;
			buildActionMask = 2147483647;
			files = (
				CD1A920420451F0F00A0BFAC /* AppSwitchThemeUITests.m in Sources */,
			);
			runOnlyForDeploymentPostprocessing = 0;
		};
/* End PBXSourcesBuildPhase section */

/* Begin PBXTargetDependency section */
		CD1A91F620451F0F00A0BFAC /* PBXTargetDependency */ = {
			isa = PBXTargetDependency;
			target = CD1A91DB20451F0F00A0BFAC /* AppSwitchTheme */;
			targetProxy = CD1A91F520451F0F00A0BFAC /* PBXContainerItemProxy */;
		};
		CD1A920120451F0F00A0BFAC /* PBXTargetDependency */ = {
			isa = PBXTargetDependency;
			target = CD1A91DB20451F0F00A0BFAC /* AppSwitchTheme */;
			targetProxy = CD1A920020451F0F00A0BFAC /* PBXContainerItemProxy */;
		};
/* End PBXTargetDependency section */

/* Begin PBXVariantGroup section */
		CD1A91E520451F0F00A0BFAC /* Main.storyboard */ = {
			isa = PBXVariantGroup;
			children = (
				CD1A91E620451F0F00A0BFAC /* Base */,
			);
			name = Main.storyboard;
			sourceTree = "<group>";
		};
		CD1A91EA20451F0F00A0BFAC /* LaunchScreen.storyboard */ = {
			isa = PBXVariantGroup;
			children = (
				CD1A91EB20451F0F00A0BFAC /* Base */,
			);
			name = LaunchScreen.storyboard;
			sourceTree = "<group>";
		};
/* End PBXVariantGroup section */

/* Begin XCBuildConfiguration section */
		CD1A920620451F0F00A0BFAC /* Debug */ = {
			isa = XCBuildConfiguration;
			buildSettings = {
				ALWAYS_SEARCH_USER_PATHS = NO;
				CLANG_ANALYZER_NONNULL = YES;
				CLANG_ANALYZER_NUMBER_OBJECT_CONVERSION = YES_AGGRESSIVE;
				CLANG_CXX_LANGUAGE_STANDARD = "gnu++14";
				CLANG_CXX_LIBRARY = "libc++";
				CLANG_ENABLE_MODULES = YES;
				CLANG_ENABLE_OBJC_ARC = YES;
				CLANG_WARN_BLOCK_CAPTURE_AUTORELEASING = YES;
				CLANG_WARN_BOOL_CONVERSION = YES;
				CLANG_WARN_COMMA = YES;
				CLANG_WARN_CONSTANT_CONVERSION = YES;
				CLANG_WARN_DIRECT_OBJC_ISA_USAGE = YES_ERROR;
				CLANG_WARN_DOCUMENTATION_COMMENTS = YES;
				CLANG_WARN_EMPTY_BODY = YES;
				CLANG_WARN_ENUM_CONVERSION = YES;
				CLANG_WARN_INFINITE_RECURSION = YES;
				CLANG_WARN_INT_CONVERSION = YES;
				CLANG_WARN_NON_LITERAL_NULL_CONVERSION = YES;
				CLANG_WARN_OBJC_LITERAL_CONVERSION = YES;
				CLANG_WARN_OBJC_ROOT_CLASS = YES_ERROR;
				CLANG_WARN_RANGE_LOOP_ANALYSIS = YES;
				CLANG_WARN_STRICT_PROTOTYPES = YES;
				CLANG_WARN_SUSPICIOUS_MOVE = YES;
				CLANG_WARN_UNGUARDED_AVAILABILITY = YES_AGGRESSIVE;
				CLANG_WARN_UNREACHABLE_CODE = YES;
				CLANG_WARN__DUPLICATE_METHOD_MATCH = YES;
				CODE_SIGN_IDENTITY = "iPhone Developer";
				COPY_PHASE_STRIP = NO;
				DEBUG_INFORMATION_FORMAT = dwarf;
				ENABLE_STRICT_OBJC_MSGSEND = YES;
				ENABLE_TESTABILITY = YES;
				GCC_C_LANGUAGE_STANDARD = gnu11;
				GCC_DYNAMIC_NO_PIC = NO;
				GCC_NO_COMMON_BLOCKS = YES;
				GCC_OPTIMIZATION_LEVEL = 0;
				GCC_PREPROCESSOR_DEFINITIONS = (
					"DEBUG=1",
					"$(inherited)",
				);
				GCC_WARN_64_TO_32_BIT_CONVERSION = YES;
				GCC_WARN_ABOUT_RETURN_TYPE = YES_ERROR;
				GCC_WARN_UNDECLARED_SELECTOR = YES;
				GCC_WARN_UNINITIALIZED_AUTOS = YES_AGGRESSIVE;
				GCC_WARN_UNUSED_FUNCTION = YES;
				GCC_WARN_UNUSED_VARIABLE = YES;
				IPHONEOS_DEPLOYMENT_TARGET = 11.2;
				MTL_ENABLE_DEBUG_INFO = YES;
				ONLY_ACTIVE_ARCH = YES;
				SDKROOT = iphoneos;
			};
			name = Debug;
		};
		CD1A920720451F0F00A0BFAC /* Release */ = {
			isa = XCBuildConfiguration;
			buildSettings = {
				ALWAYS_SEARCH_USER_PATHS = NO;
				CLANG_ANALYZER_NONNULL = YES;
				CLANG_ANALYZER_NUMBER_OBJECT_CONVERSION = YES_AGGRESSIVE;
				CLANG_CXX_LANGUAGE_STANDARD = "gnu++14";
				CLANG_CXX_LIBRARY = "libc++";
				CLANG_ENABLE_MODULES = YES;
				CLANG_ENABLE_OBJC_ARC = YES;
				CLANG_WARN_BLOCK_CAPTURE_AUTORELEASING = YES;
				CLANG_WARN_BOOL_CONVERSION = YES;
				CLANG_WARN_COMMA = YES;
				CLANG_WARN_CONSTANT_CONVERSION = YES;
				CLANG_WARN_DIRECT_OBJC_ISA_USAGE = YES_ERROR;
				CLANG_WARN_DOCUMENTATION_COMMENTS = YES;
				CLANG_WARN_EMPTY_BODY = YES;
				CLANG_WARN_ENUM_CONVERSION = YES;
				CLANG_WARN_INFINITE_RECURSION = YES;
				CLANG_WARN_INT_CONVERSION = YES;
				CLANG_WARN_NON_LITERAL_NULL_CONVERSION = YES;
				CLANG_WARN_OBJC_LITERAL_CONVERSION = YES;
				CLANG_WARN_OBJC_ROOT_CLASS = YES_ERROR;
				CLANG_WARN_RANGE_LOOP_ANALYSIS = YES;
				CLANG_WARN_STRICT_PROTOTYPES = YES;
				CLANG_WARN_SUSPICIOUS_MOVE = YES;
				CLANG_WARN_UNGUARDED_AVAILABILITY = YES_AGGRESSIVE;
				CLANG_WARN_UNREACHABLE_CODE = YES;
				CLANG_WARN__DUPLICATE_METHOD_MATCH = YES;
				CODE_SIGN_IDENTITY = "iPhone Developer";
				COPY_PHASE_STRIP = NO;
				DEBUG_INFORMATION_FORMAT = "dwarf-with-dsym";
				ENABLE_NS_ASSERTIONS = NO;
				ENABLE_STRICT_OBJC_MSGSEND = YES;
				GCC_C_LANGUAGE_STANDARD = gnu11;
				GCC_NO_COMMON_BLOCKS = YES;
				GCC_WARN_64_TO_32_BIT_CONVERSION = YES;
				GCC_WARN_ABOUT_RETURN_TYPE = YES_ERROR;
				GCC_WARN_UNDECLARED_SELECTOR = YES;
				GCC_WARN_UNINITIALIZED_AUTOS = YES_AGGRESSIVE;
				GCC_WARN_UNUSED_FUNCTION = YES;
				GCC_WARN_UNUSED_VARIABLE = YES;
				IPHONEOS_DEPLOYMENT_TARGET = 11.2;
				MTL_ENABLE_DEBUG_INFO = NO;
				SDKROOT = iphoneos;
				VALIDATE_PRODUCT = YES;
			};
			name = Release;
		};
		CD1A920920451F0F00A0BFAC /* Debug */ = {
			isa = XCBuildConfiguration;
			buildSettings = {
				ASSETCATALOG_COMPILER_APPICON_NAME = AppIcon;
				CODE_SIGN_STYLE = Automatic;
				INFOPLIST_FILE = AppSwitchTheme/Info.plist;
				IPHONEOS_DEPLOYMENT_TARGET = 9.0;
				LD_RUNPATH_SEARCH_PATHS = "$(inherited) @executable_path/Frameworks";
				PRODUCT_BUNDLE_IDENTIFIER = com.ginlong.AppSwitchTheme;
				PRODUCT_NAME = "$(TARGET_NAME)";
				TARGETED_DEVICE_FAMILY = 1;
			};
			name = Debug;
		};
		CD1A920A20451F0F00A0BFAC /* Release */ = {
			isa = XCBuildConfiguration;
			buildSettings = {
				ASSETCATALOG_COMPILER_APPICON_NAME = AppIcon;
				CODE_SIGN_STYLE = Automatic;
				INFOPLIST_FILE = AppSwitchTheme/Info.plist;
				IPHONEOS_DEPLOYMENT_TARGET = 9.0;
				LD_RUNPATH_SEARCH_PATHS = "$(inherited) @executable_path/Frameworks";
				PRODUCT_BUNDLE_IDENTIFIER = com.ginlong.AppSwitchTheme;
				PRODUCT_NAME = "$(TARGET_NAME)";
				TARGETED_DEVICE_FAMILY = 1;
			};
			name = Release;
		};
		CD1A920C20451F0F00A0BFAC /* Debug */ = {
			isa = XCBuildConfiguration;
			buildSettings = {
				BUNDLE_LOADER = "$(TEST_HOST)";
				CODE_SIGN_STYLE = Automatic;
				INFOPLIST_FILE = AppSwitchThemeTests/Info.plist;
				LD_RUNPATH_SEARCH_PATHS = "$(inherited) @executable_path/Frameworks @loader_path/Frameworks";
				PRODUCT_BUNDLE_IDENTIFIER = com.ginlong.AppSwitchThemeTests;
				PRODUCT_NAME = "$(TARGET_NAME)";
				TARGETED_DEVICE_FAMILY = "1,2";
				TEST_HOST = "$(BUILT_PRODUCTS_DIR)/AppSwitchTheme.app/AppSwitchTheme";
			};
			name = Debug;
		};
		CD1A920D20451F0F00A0BFAC /* Release */ = {
			isa = XCBuildConfiguration;
			buildSettings = {
				BUNDLE_LOADER = "$(TEST_HOST)";
				CODE_SIGN_STYLE = Automatic;
				INFOPLIST_FILE = AppSwitchThemeTests/Info.plist;
				LD_RUNPATH_SEARCH_PATHS = "$(inherited) @executable_path/Frameworks @loader_path/Frameworks";
				PRODUCT_BUNDLE_IDENTIFIER = com.ginlong.AppSwitchThemeTests;
				PRODUCT_NAME = "$(TARGET_NAME)";
				TARGETED_DEVICE_FAMILY = "1,2";
				TEST_HOST = "$(BUILT_PRODUCTS_DIR)/AppSwitchTheme.app/AppSwitchTheme";
			};
			name = Release;
		};
		CD1A920F20451F0F00A0BFAC /* Debug */ = {
			isa = XCBuildConfiguration;
			buildSettings = {
				CODE_SIGN_STYLE = Automatic;
				INFOPLIST_FILE = AppSwitchThemeUITests/Info.plist;
				LD_RUNPATH_SEARCH_PATHS = "$(inherited) @executable_path/Frameworks @loader_path/Frameworks";
				PRODUCT_BUNDLE_IDENTIFIER = com.ginlong.AppSwitchThemeUITests;
				PRODUCT_NAME = "$(TARGET_NAME)";
				TARGETED_DEVICE_FAMILY = "1,2";
				TEST_TARGET_NAME = AppSwitchTheme;
			};
			name = Debug;
		};
		CD1A921020451F0F00A0BFAC /* Release */ = {
			isa = XCBuildConfiguration;
			buildSettings = {
				CODE_SIGN_STYLE = Automatic;
				INFOPLIST_FILE = AppSwitchThemeUITests/Info.plist;
				LD_RUNPATH_SEARCH_PATHS = "$(inherited) @executable_path/Frameworks @loader_path/Frameworks";
				PRODUCT_BUNDLE_IDENTIFIER = com.ginlong.AppSwitchThemeUITests;
				PRODUCT_NAME = "$(TARGET_NAME)";
				TARGETED_DEVICE_FAMILY = "1,2";
				TEST_TARGET_NAME = AppSwitchTheme;
			};
			name = Release;
		};
/* End XCBuildConfiguration section */

/* Begin XCConfigurationList section */
		CD1A91D720451F0F00A0BFAC /* Build configuration list for PBXProject "AppSwitchTheme" */ = {
			isa = XCConfigurationList;
			buildConfigurations = (
				CD1A920620451F0F00A0BFAC /* Debug */,
				CD1A920720451F0F00A0BFAC /* Release */,
			);
			defaultConfigurationIsVisible = 0;
			defaultConfigurationName = Release;
		};
		CD1A920820451F0F00A0BFAC /* Build configuration list for PBXNativeTarget "AppSwitchTheme" */ = {
			isa = XCConfigurationList;
			buildConfigurations = (
				CD1A920920451F0F00A0BFAC /* Debug */,
				CD1A920A20451F0F00A0BFAC /* Release */,
			);
			defaultConfigurationIsVisible = 0;
			defaultConfigurationName = Release;
		};
		CD1A920B20451F0F00A0BFAC /* Build configuration list for PBXNativeTarget "AppSwitchThemeTests" */ = {
			isa = XCConfigurationList;
			buildConfigurations = (
				CD1A920C20451F0F00A0BFAC /* Debug */,
				CD1A920D20451F0F00A0BFAC /* Release */,
			);
			defaultConfigurationIsVisible = 0;
			defaultConfigurationName = Release;
		};
		CD1A920E20451F0F00A0BFAC /* Build configuration list for PBXNativeTarget "AppSwitchThemeUITests" */ = {
			isa = XCConfigurationList;
			buildConfigurations = (
				CD1A920F20451F0F00A0BFAC /* Debug */,
				CD1A921020451F0F00A0BFAC /* Release */,
			);
			defaultConfigurationIsVisible = 0;
			defaultConfigurationName = Release;
		};
/* End XCConfigurationList section */
	};
	rootObject = CD1A91D420451F0F00A0BFAC /* Project object */;
}
